{
  "object": {
    "pins": [
      {
        "package": "ASN1Swift",
        "repositoryURL": "https://github.com/tikhop/ASN1Swift",
        "state": {
          "branch": null,
          "revision": "b53bee03a942623db25afc5bfb80227b2cb3b425",
          "version": "1.2.4"
        }
      },
      {
        "package": "AuxiliaryExecute",
        "repositoryURL": "git@github.com:Lessica/AuxiliaryExecute.git",
        "state": {
          "branch": "main",
          "revision": "c46b5e2c72d6e247a96a12c74f47c137e5957387",
          "version": null
        }
      },
      {
        "package": "Down",
        "repositoryURL": "git@github.com:Lessica/Down.git",
        "state": {
          "branch": null,
          "revision": "f34b166be1f1db4aa8f573067e901d72f2a6be57",
          "version": "0.11.0"
        }
      },
      {
        "package": "SwiftBonjour",
        "repositoryURL": "git@github.com:Lessica/SwiftBonjour.git",
        "state": {
          "branch": "main",
          "revision": "0cff5e329eadfca4a3ed8670b252d7c413eee57c",
          "version": null
        }
      },
      {
        "package": "SyntaxKit",
        "repositoryURL": "git@github.com:Lessica/SyntaxKit.git",
        "state": {
          "branch": "master",
          "revision": "645735192d57c672e2c03b4be19a76ae542dd676",
          "version": null
        }
      },
      {
        "package": "TPInAppReceipt",
        "repositoryURL": "git@github.com:Lessica/TPInAppReceipt.git",
        "state": {
          "branch": null,
          "revision": "4bdd84a82d1db4f03e7df55b666b4442c301980d",
          "version": "3.3.2"
        }
      }
    ]
  },
  "version": 1
}
