// !$*UTF8*$!
{
	archiveVersion = 1;
	classes = {
	};
	objectVersion = 50;
	objects = {

/* Begin PBXBuildFile section */
		D635BE9823CD84EB00FD62B8 /* SceneImageView.swift in Sources */ = {isa = PBXBuildFile; fileRef = D635BE9723CD84EB00FD62B8 /* SceneImageView.swift */; };
		D635BEA323CD861100FD62B8 /* JSTPixelColor.m in Sources */ = {isa = PBXBuildFile; fileRef = D635BE9B23CD861100FD62B8 /* JSTPixelColor.m */; settings = {COMPILER_FLAGS = "-fno-objc-arc"; }; };
		D635BEA423CD861100FD62B8 /* JSTPixelImage.m in Sources */ = {isa = PBXBuildFile; fileRef = D635BE9F23CD861100FD62B8 /* JSTPixelImage.m */; settings = {COMPILER_FLAGS = "-fno-objc-arc"; }; };
		D635BEAD23CD8CE500FD62B8 /* PickerImage.swift in Sources */ = {isa = PBXBuildFile; fileRef = D635BEAC23CD8CE500FD62B8 /* PickerImage.swift */; };
		D635BEAF23CDA03700FD62B8 /* SceneClipView.swift in Sources */ = {isa = PBXBuildFile; fileRef = D635BEAE23CDA03700FD62B8 /* SceneClipView.swift */; };
		D649230C23CC56E20067C04A /* PickerDropSplitView.swift in Sources */ = {isa = PBXBuildFile; fileRef = D649230B23CC56E20067C04A /* PickerDropSplitView.swift */; };
		D649230E23CC62D70067C04A /* SceneController.swift in Sources */ = {isa = PBXBuildFile; fileRef = D649230D23CC62D70067C04A /* SceneController.swift */; };
		D649231923CC647D0067C04A /* SceneScrollView.swift in Sources */ = {isa = PBXBuildFile; fileRef = D649231823CC647D0067C04A /* SceneScrollView.swift */; };
		D658AF9E23CB180C0098C567 /* AppDelegate.swift in Sources */ = {isa = PBXBuildFile; fileRef = D658AF9D23CB180C0098C567 /* AppDelegate.swift */; };
		D658AFA023CB180C0098C567 /* PickerSplitController.swift in Sources */ = {isa = PBXBuildFile; fileRef = D658AF9F23CB180C0098C567 /* PickerSplitController.swift */; };
		D658AFA223CB180D0098C567 /* Assets.xcassets in Resources */ = {isa = PBXBuildFile; fileRef = D658AFA123CB180D0098C567 /* Assets.xcassets */; };
		D658AFA523CB180D0098C567 /* Main.storyboard in Resources */ = {isa = PBXBuildFile; fileRef = D658AFA323CB180D0098C567 /* Main.storyboard */; };
		D6C1E1F023CEBB840027DE6F /* SceneImageWrapper.swift in Sources */ = {isa = PBXBuildFile; fileRef = D6C1E1EF23CEBB840027DE6F /* SceneImageWrapper.swift */; };
		D6C1E1F323CEC23F0027DE6F /* SidebarController.swift in Sources */ = {isa = PBXBuildFile; fileRef = D6C1E1F223CEC23F0027DE6F /* SidebarController.swift */; };
/* End PBXBuildFile section */

/* Begin PBXFileReference section */
		D635BE9723CD84EB00FD62B8 /* SceneImageView.swift */ = {isa = PBXFileReference; lastKnownFileType = sourcecode.swift; path = SceneImageView.swift; sourceTree = "<group>"; };
		D635BE9B23CD861100FD62B8 /* JSTPixelColor.m */ = {isa = PBXFileReference; fileEncoding = 4; lastKnownFileType = sourcecode.c.objc; path = JSTPixelColor.m; sourceTree = "<group>"; };
		D635BE9C23CD861100FD62B8 /* JST_BOOL.h */ = {isa = PBXFileReference; fileEncoding = 4; lastKnownFileType = sourcecode.c.h; path = JST_BOOL.h; sourceTree = "<group>"; };
		D635BE9D23CD861100FD62B8 /* JSTPixelImage.h */ = {isa = PBXFileReference; fileEncoding = 4; lastKnownFileType = sourcecode.c.h; path = JSTPixelImage.h; sourceTree = "<group>"; };
		D635BE9E23CD861100FD62B8 /* JST_COLOR.h */ = {isa = PBXFileReference; fileEncoding = 4; lastKnownFileType = sourcecode.c.h; path = JST_COLOR.h; sourceTree = "<group>"; };
		D635BE9F23CD861100FD62B8 /* JSTPixelImage.m */ = {isa = PBXFileReference; fileEncoding = 4; lastKnownFileType = sourcecode.c.objc; path = JSTPixelImage.m; sourceTree = "<group>"; };
		D635BEA023CD861100FD62B8 /* JSTPixelColor.h */ = {isa = PBXFileReference; fileEncoding = 4; lastKnownFileType = sourcecode.c.h; path = JSTPixelColor.h; sourceTree = "<group>"; };
		D635BEA123CD861100FD62B8 /* JST_POS.h */ = {isa = PBXFileReference; fileEncoding = 4; lastKnownFileType = sourcecode.c.h; path = JST_POS.h; sourceTree = "<group>"; };
		D635BEA223CD861100FD62B8 /* JST_IMAGE.h */ = {isa = PBXFileReference; fileEncoding = 4; lastKnownFileType = sourcecode.c.h; path = JST_IMAGE.h; sourceTree = "<group>"; };
		D635BEA823CD8C4F00FD62B8 /* JSTColorPicker-Bridging-Header.h */ = {isa = PBXFileReference; lastKnownFileType = sourcecode.c.h; path = "JSTColorPicker-Bridging-Header.h"; sourceTree = "<group>"; };
		D635BEAC23CD8CE500FD62B8 /* PickerImage.swift */ = {isa = PBXFileReference; lastKnownFileType = sourcecode.swift; path = PickerImage.swift; sourceTree = "<group>"; };
		D635BEAE23CDA03700FD62B8 /* SceneClipView.swift */ = {isa = PBXFileReference; lastKnownFileType = sourcecode.swift; path = SceneClipView.swift; sourceTree = "<group>"; };
		D649230B23CC56E20067C04A /* PickerDropSplitView.swift */ = {isa = PBXFileReference; lastKnownFileType = sourcecode.swift; path = PickerDropSplitView.swift; sourceTree = "<group>"; };
		D649230D23CC62D70067C04A /* SceneController.swift */ = {isa = PBXFileReference; lastKnownFileType = sourcecode.swift; path = SceneController.swift; sourceTree = "<group>"; };
		D649231823CC647D0067C04A /* SceneScrollView.swift */ = {isa = PBXFileReference; lastKnownFileType = sourcecode.swift; path = SceneScrollView.swift; sourceTree = "<group>"; };
		D658AF9A23CB180C0098C567 /* JSTColorPicker.app */ = {isa = PBXFileReference; explicitFileType = wrapper.application; includeInIndex = 0; path = JSTColorPicker.app; sourceTree = BUILT_PRODUCTS_DIR; };
		D658AF9D23CB180C0098C567 /* AppDelegate.swift */ = {isa = PBXFileReference; lastKnownFileType = sourcecode.swift; path = AppDelegate.swift; sourceTree = "<group>"; };
		D658AF9F23CB180C0098C567 /* PickerSplitController.swift */ = {isa = PBXFileReference; lastKnownFileType = sourcecode.swift; path = PickerSplitController.swift; sourceTree = "<group>"; };
		D658AFA123CB180D0098C567 /* Assets.xcassets */ = {isa = PBXFileReference; lastKnownFileType = folder.assetcatalog; path = Assets.xcassets; sourceTree = "<group>"; };
		D658AFA423CB180D0098C567 /* Base */ = {isa = PBXFileReference; lastKnownFileType = file.storyboard; name = Base; path = Base.lproj/Main.storyboard; sourceTree = "<group>"; };
		D658AFA623CB180D0098C567 /* Info.plist */ = {isa = PBXFileReference; lastKnownFileType = text.plist.xml; path = Info.plist; sourceTree = "<group>"; };
		D658AFA723CB180D0098C567 /* JSTColorPicker.entitlements */ = {isa = PBXFileReference; lastKnownFileType = text.plist.entitlements; path = JSTColorPicker.entitlements; sourceTree = "<group>"; };
		D6C1E1EF23CEBB840027DE6F /* SceneImageWrapper.swift */ = {isa = PBXFileReference; lastKnownFileType = sourcecode.swift; path = SceneImageWrapper.swift; sourceTree = "<group>"; };
		D6C1E1F223CEC23F0027DE6F /* SidebarController.swift */ = {isa = PBXFileReference; lastKnownFileType = sourcecode.swift; path = SidebarController.swift; sourceTree = "<group>"; };
/* End PBXFileReference section */

/* Begin PBXFrameworksBuildPhase section */
		D658AF9723CB180C0098C567 /* Frameworks */ = {
			isa = PBXFrameworksBuildPhase;
			buildActionMask = 2147483647;
			files = (
			);
			runOnlyForDeploymentPostprocessing = 0;
		};
/* End PBXFrameworksBuildPhase section */

/* Begin PBXGroup section */
		D635BE9A23CD861100FD62B8 /* Pixel */ = {
			isa = PBXGroup;
			children = (
				D635BE9C23CD861100FD62B8 /* JST_BOOL.h */,
				D635BEA123CD861100FD62B8 /* JST_POS.h */,
				D635BE9E23CD861100FD62B8 /* JST_COLOR.h */,
				D635BEA223CD861100FD62B8 /* JST_IMAGE.h */,
				D635BEA023CD861100FD62B8 /* JSTPixelColor.h */,
				D635BE9B23CD861100FD62B8 /* JSTPixelColor.m */,
				D635BE9D23CD861100FD62B8 /* JSTPixelImage.h */,
				D635BE9F23CD861100FD62B8 /* JSTPixelImage.m */,
			);
			path = Pixel;
			sourceTree = "<group>";
		};
		D649231623CC64490067C04A /* Scene */ = {
			isa = PBXGroup;
			children = (
				D649230D23CC62D70067C04A /* SceneController.swift */,
				D649231823CC647D0067C04A /* SceneScrollView.swift */,
				D635BEAE23CDA03700FD62B8 /* SceneClipView.swift */,
				D6C1E1EF23CEBB840027DE6F /* SceneImageWrapper.swift */,
				D635BE9723CD84EB00FD62B8 /* SceneImageView.swift */,
			);
			path = Scene;
			sourceTree = "<group>";
		};
		D658AF9123CB180C0098C567 = {
			isa = PBXGroup;
			children = (
				D658AF9C23CB180C0098C567 /* JSTColorPicker */,
				D658AF9B23CB180C0098C567 /* Products */,
			);
			sourceTree = "<group>";
		};
		D658AF9B23CB180C0098C567 /* Products */ = {
			isa = PBXGroup;
			children = (
				D658AF9A23CB180C0098C567 /* JSTColorPicker.app */,
			);
			name = Products;
			sourceTree = "<group>";
		};
		D658AF9C23CB180C0098C567 /* JSTColorPicker */ = {
			isa = PBXGroup;
			children = (
				D635BEA823CD8C4F00FD62B8 /* JSTColorPicker-Bridging-Header.h */,
				D635BE9A23CD861100FD62B8 /* Pixel */,
				D649231623CC64490067C04A /* Scene */,
				D6C1E1F123CEC2280027DE6F /* Sidebar */,
				D658AF9D23CB180C0098C567 /* AppDelegate.swift */,
				D658AF9F23CB180C0098C567 /* PickerSplitController.swift */,
				D649230B23CC56E20067C04A /* PickerDropSplitView.swift */,
				D635BEAC23CD8CE500FD62B8 /* PickerImage.swift */,
				D658AFA123CB180D0098C567 /* Assets.xcassets */,
				D658AFA323CB180D0098C567 /* Main.storyboard */,
				D658AFA623CB180D0098C567 /* Info.plist */,
				D658AFA723CB180D0098C567 /* JSTColorPicker.entitlements */,
			);
			path = JSTColorPicker;
			sourceTree = "<group>";
		};
		D6C1E1F123CEC2280027DE6F /* Sidebar */ = {
			isa = PBXGroup;
			children = (
				D6C1E1F223CEC23F0027DE6F /* SidebarController.swift */,
			);
			path = Sidebar;
			sourceTree = "<group>";
		};
/* End PBXGroup section */

/* Begin PBXNativeTarget section */
		D658AF9923CB180C0098C567 /* JSTColorPicker */ = {
			isa = PBXNativeTarget;
			buildConfigurationList = D658AFAA23CB180D0098C567 /* Build configuration list for PBXNativeTarget "JSTColorPicker" */;
			buildPhases = (
				D658AF9623CB180C0098C567 /* Sources */,
				D658AF9723CB180C0098C567 /* Frameworks */,
				D658AF9823CB180C0098C567 /* Resources */,
			);
			buildRules = (
			);
			dependencies = (
			);
			name = JSTColorPicker;
			productName = JSTColorPicker;
			productReference = D658AF9A23CB180C0098C567 /* JSTColorPicker.app */;
			productType = "com.apple.product-type.application";
		};
/* End PBXNativeTarget section */

/* Begin PBXProject section */
		D658AF9223CB180C0098C567 /* Project object */ = {
			isa = PBXProject;
			attributes = {
				LastSwiftUpdateCheck = 1130;
				LastUpgradeCheck = 1130;
				ORGANIZATIONNAME = JST;
				TargetAttributes = {
					D658AF9923CB180C0098C567 = {
						CreatedOnToolsVersion = 11.3;
					};
				};
			};
			buildConfigurationList = D658AF9523CB180C0098C567 /* Build configuration list for PBXProject "JSTColorPicker" */;
			compatibilityVersion = "Xcode 9.3";
			developmentRegion = en;
			hasScannedForEncodings = 0;
			knownRegions = (
				en,
				Base,
			);
			mainGroup = D658AF9123CB180C0098C567;
			productRefGroup = D658AF9B23CB180C0098C567 /* Products */;
			projectDirPath = "";
			projectRoot = "";
			targets = (
				D658AF9923CB180C0098C567 /* JSTColorPicker */,
			);
		};
/* End PBXProject section */

/* Begin PBXResourcesBuildPhase section */
		D658AF9823CB180C0098C567 /* Resources */ = {
			isa = PBXResourcesBuildPhase;
			buildActionMask = 2147483647;
			files = (
				D658AFA223CB180D0098C567 /* Assets.xcassets in Resources */,
				D658AFA523CB180D0098C567 /* Main.storyboard in Resources */,
			);
			runOnlyForDeploymentPostprocessing = 0;
		};
/* End PBXResourcesBuildPhase section */

/* Begin PBXSourcesBuildPhase section */
		D658AF9623CB180C0098C567 /* Sources */ = {
			isa = PBXSourcesBuildPhase;
			buildActionMask = 2147483647;
			files = (
				D635BEAF23CDA03700FD62B8 /* SceneClipView.swift in Sources */,
				D658AFA023CB180C0098C567 /* PickerSplitController.swift in Sources */,
				D635BEA323CD861100FD62B8 /* JSTPixelColor.m in Sources */,
				D635BE9823CD84EB00FD62B8 /* SceneImageView.swift in Sources */,
				D6C1E1F323CEC23F0027DE6F /* SidebarController.swift in Sources */,
				D635BEA423CD861100FD62B8 /* JSTPixelImage.m in Sources */,
				D635BEAD23CD8CE500FD62B8 /* PickerImage.swift in Sources */,
				D6C1E1F023CEBB840027DE6F /* SceneImageWrapper.swift in Sources */,
				D649231923CC647D0067C04A /* SceneScrollView.swift in Sources */,
				D649230E23CC62D70067C04A /* SceneController.swift in Sources */,
				D649230C23CC56E20067C04A /* PickerDropSplitView.swift in Sources */,
				D658AF9E23CB180C0098C567 /* AppDelegate.swift in Sources */,
			);
			runOnlyForDeploymentPostprocessing = 0;
		};
/* End PBXSourcesBuildPhase section */

/* Begin PBXVariantGroup section */
		D658AFA323CB180D0098C567 /* Main.storyboard */ = {
			isa = PBXVariantGroup;
			children = (
				D658AFA423CB180D0098C567 /* Base */,
			);
			name = Main.storyboard;
			sourceTree = "<group>";
		};
/* End PBXVariantGroup section */

/* Begin XCBuildConfiguration section */
		D658AFA823CB180D0098C567 /* Debug */ = {
			isa = XCBuildConfiguration;
			buildSettings = {
				ALWAYS_SEARCH_USER_PATHS = NO;
				CLANG_ANALYZER_NONNULL = YES;
				CLANG_ANALYZER_NUMBER_OBJECT_CONVERSION = YES_AGGRESSIVE;
				CLANG_CXX_LANGUAGE_STANDARD = "gnu++14";
				CLANG_CXX_LIBRARY = "libc++";
				CLANG_ENABLE_MODULES = YES;
				CLANG_ENABLE_OBJC_ARC = YES;
				CLANG_ENABLE_OBJC_WEAK = YES;
				CLANG_WARN_BLOCK_CAPTURE_AUTORELEASING = YES;
				CLANG_WARN_BOOL_CONVERSION = YES;
				CLANG_WARN_COMMA = YES;
				CLANG_WARN_CONSTANT_CONVERSION = YES;
				CLANG_WARN_DEPRECATED_OBJC_IMPLEMENTATIONS = YES;
				CLANG_WARN_DIRECT_OBJC_ISA_USAGE = YES_ERROR;
				CLANG_WARN_DOCUMENTATION_COMMENTS = YES;
				CLANG_WARN_EMPTY_BODY = YES;
				CLANG_WARN_ENUM_CONVERSION = YES;
				CLANG_WARN_INFINITE_RECURSION = YES;
				CLANG_WARN_INT_CONVERSION = YES;
				CLANG_WARN_NON_LITERAL_NULL_CONVERSION = YES;
				CLANG_WARN_OBJC_IMPLICIT_RETAIN_SELF = YES;
				CLANG_WARN_OBJC_LITERAL_CONVERSION = YES;
				CLANG_WARN_OBJC_ROOT_CLASS = YES_ERROR;
				CLANG_WARN_RANGE_LOOP_ANALYSIS = YES;
				CLANG_WARN_STRICT_PROTOTYPES = YES;
				CLANG_WARN_SUSPICIOUS_MOVE = YES;
				CLANG_WARN_UNGUARDED_AVAILABILITY = YES_AGGRESSIVE;
				CLANG_WARN_UNREACHABLE_CODE = YES;
				CLANG_WARN__DUPLICATE_METHOD_MATCH = YES;
				COPY_PHASE_STRIP = NO;
				DEBUG_INFORMATION_FORMAT = dwarf;
				ENABLE_STRICT_OBJC_MSGSEND = YES;
				ENABLE_TESTABILITY = YES;
				GCC_C_LANGUAGE_STANDARD = gnu11;
				GCC_DYNAMIC_NO_PIC = NO;
				GCC_NO_COMMON_BLOCKS = YES;
				GCC_OPTIMIZATION_LEVEL = 0;
				GCC_PREPROCESSOR_DEFINITIONS = (
					"DEBUG=1",
					"$(inherited)",
				);
				GCC_WARN_64_TO_32_BIT_CONVERSION = YES;
				GCC_WARN_ABOUT_RETURN_TYPE = YES_ERROR;
				GCC_WARN_UNDECLARED_SELECTOR = YES;
				GCC_WARN_UNINITIALIZED_AUTOS = YES_AGGRESSIVE;
				GCC_WARN_UNUSED_FUNCTION = YES;
				GCC_WARN_UNUSED_VARIABLE = YES;
				MACOSX_DEPLOYMENT_TARGET = 10.15;
				MTL_ENABLE_DEBUG_INFO = INCLUDE_SOURCE;
				MTL_FAST_MATH = YES;
				ONLY_ACTIVE_ARCH = YES;
				SDKROOT = macosx;
				SWIFT_ACTIVE_COMPILATION_CONDITIONS = DEBUG;
				SWIFT_OPTIMIZATION_LEVEL = "-Onone";
			};
			name = Debug;
		};
		D658AFA923CB180D0098C567 /* Release */ = {
			isa = XCBuildConfiguration;
			buildSettings = {
				ALWAYS_SEARCH_USER_PATHS = NO;
				CLANG_ANALYZER_NONNULL = YES;
				CLANG_ANALYZER_NUMBER_OBJECT_CONVERSION = YES_AGGRESSIVE;
				CLANG_CXX_LANGUAGE_STANDARD = "gnu++14";
				CLANG_CXX_LIBRARY = "libc++";
				CLANG_ENABLE_MODULES = YES;
				CLANG_ENABLE_OBJC_ARC = YES;
				CLANG_ENABLE_OBJC_WEAK = YES;
				CLANG_WARN_BLOCK_CAPTURE_AUTORELEASING = YES;
				CLANG_WARN_BOOL_CONVERSION = YES;
				CLANG_WARN_COMMA = YES;
				CLANG_WARN_CONSTANT_CONVERSION = YES;
				CLANG_WARN_DEPRECATED_OBJC_IMPLEMENTATIONS = YES;
				CLANG_WARN_DIRECT_OBJC_ISA_USAGE = YES_ERROR;
				CLANG_WARN_DOCUMENTATION_COMMENTS = YES;
				CLANG_WARN_EMPTY_BODY = YES;
				CLANG_WARN_ENUM_CONVERSION = YES;
				CLANG_WARN_INFINITE_RECURSION = YES;
				CLANG_WARN_INT_CONVERSION = YES;
				CLANG_WARN_NON_LITERAL_NULL_CONVERSION = YES;
				CLANG_WARN_OBJC_IMPLICIT_RETAIN_SELF = YES;
				CLANG_WARN_OBJC_LITERAL_CONVERSION = YES;
				CLANG_WARN_OBJC_ROOT_CLASS = YES_ERROR;
				CLANG_WARN_RANGE_LOOP_ANALYSIS = YES;
				CLANG_WARN_STRICT_PROTOTYPES = YES;
				CLANG_WARN_SUSPICIOUS_MOVE = YES;
				CLANG_WARN_UNGUARDED_AVAILABILITY = YES_AGGRESSIVE;
				CLANG_WARN_UNREACHABLE_CODE = YES;
				CLANG_WARN__DUPLICATE_METHOD_MATCH = YES;
				COPY_PHASE_STRIP = NO;
				DEBUG_INFORMATION_FORMAT = "dwarf-with-dsym";
				ENABLE_NS_ASSERTIONS = NO;
				ENABLE_STRICT_OBJC_MSGSEND = YES;
				GCC_C_LANGUAGE_STANDARD = gnu11;
				GCC_NO_COMMON_BLOCKS = YES;
				GCC_WARN_64_TO_32_BIT_CONVERSION = YES;
				GCC_WARN_ABOUT_RETURN_TYPE = YES_ERROR;
				GCC_WARN_UNDECLARED_SELECTOR = YES;
				GCC_WARN_UNINITIALIZED_AUTOS = YES_AGGRESSIVE;
				GCC_WARN_UNUSED_FUNCTION = YES;
				GCC_WARN_UNUSED_VARIABLE = YES;
				MACOSX_DEPLOYMENT_TARGET = 10.15;
				MTL_ENABLE_DEBUG_INFO = NO;
				MTL_FAST_MATH = YES;
				SDKROOT = macosx;
				SWIFT_COMPILATION_MODE = wholemodule;
				SWIFT_OPTIMIZATION_LEVEL = "-O";
			};
			name = Release;
		};
		D658AFAB23CB180D0098C567 /* Debug */ = {
			isa = XCBuildConfiguration;
			buildSettings = {
				ASSETCATALOG_COMPILER_APPICON_NAME = AppIcon;
				CODE_SIGN_ENTITLEMENTS = JSTColorPicker/JSTColorPicker.entitlements;
				CODE_SIGN_STYLE = Automatic;
				COMBINE_HIDPI_IMAGES = YES;
				DEVELOPMENT_TEAM = GXZ23M5TP2;
				ENABLE_HARDENED_RUNTIME = YES;
				INFOPLIST_FILE = JSTColorPicker/Info.plist;
				LD_RUNPATH_SEARCH_PATHS = (
					"$(inherited)",
					"@executable_path/../Frameworks",
				);
				PRODUCT_BUNDLE_IDENTIFIER = com.jst.JSTColorPicker;
				PRODUCT_NAME = "$(TARGET_NAME)";
				SWIFT_OBJC_BRIDGING_HEADER = "$(PROJECT_DIR)/$(TARGET_NAME)/$(TARGET_NAME)-Bridging-Header.h";
				SWIFT_VERSION = 5.0;
			};
			name = Debug;
		};
		D658AFAC23CB180D0098C567 /* Release */ = {
			isa = XCBuildConfiguration;
			buildSettings = {
				ASSETCATALOG_COMPILER_APPICON_NAME = AppIcon;
				CODE_SIGN_ENTITLEMENTS = JSTColorPicker/JSTColorPicker.entitlements;
				CODE_SIGN_STYLE = Automatic;
				COMBINE_HIDPI_IMAGES = YES;
				DEVELOPMENT_TEAM = GXZ23M5TP2;
				ENABLE_HARDENED_RUNTIME = YES;
				INFOPLIST_FILE = JSTColorPicker/Info.plist;
				LD_RUNPATH_SEARCH_PATHS = (
					"$(inherited)",
					"@executable_path/../Frameworks",
				);
				PRODUCT_BUNDLE_IDENTIFIER = com.jst.JSTColorPicker;
				PRODUCT_NAME = "$(TARGET_NAME)";
				SWIFT_OBJC_BRIDGING_HEADER = "$(PROJECT_DIR)/$(TARGET_NAME)/$(TARGET_NAME)-Bridging-Header.h";
				SWIFT_VERSION = 5.0;
			};
			name = Release;
		};
/* End XCBuildConfiguration section */

/* Begin XCConfigurationList section */
		D658AF9523CB180C0098C567 /* Build configuration list for PBXProject "JSTColorPicker" */ = {
			isa = XCConfigurationList;
			buildConfigurations = (
				D658AFA823CB180D0098C567 /* Debug */,
				D658AFA923CB180D0098C567 /* Release */,
			);
			defaultConfigurationIsVisible = 0;
			defaultConfigurationName = Release;
		};
		D658AFAA23CB180D0098C567 /* Build configuration list for PBXNativeTarget "JSTColorPicker" */ = {
			isa = XCConfigurationList;
			buildConfigurations = (
				D658AFAB23CB180D0098C567 /* Debug */,
				D658AFAC23CB180D0098C567 /* Release */,
			);
			defaultConfigurationIsVisible = 0;
			defaultConfigurationName = Release;
		};
/* End XCConfigurationList section */
	};
	rootObject = D658AF9223CB180C0098C567 /* Project object */;
}
