// !$*UTF8*$!
{
	archiveVersion = 1;
	classes = {
	};
	objectVersion = 46;
	objects = {

/* Begin PBXBuildFile section */
		211826E41D257A71003F2BF2 /* SyntaxKit.framework in Frameworks */ = {isa = PBXBuildFile; fileRef = 211826DA1D257A71003F2BF2 /* SyntaxKit.framework */; };
		211989B11B2EC3B600F0D786 /* SyntaxKit.framework in Frameworks */ = {isa = PBXBuildFile; fileRef = 211989A71B2EC3B600F0D786 /* SyntaxKit.framework */; };
		2122A6EA1B22B9320006409B /* SyntaxKit.framework in Frameworks */ = {isa = PBXBuildFile; fileRef = 2122A6DE1B22B9320006409B /* SyntaxKit.framework */; };
		CCA6D13525F90D20000690C4 /* SyntaxKit.swift in Sources */ = {isa = PBXBuildFile; fileRef = CCA6D12125F90D20000690C4 /* SyntaxKit.swift */; };
		CCA6D13625F90D20000690C4 /* SyntaxKit.swift in Sources */ = {isa = PBXBuildFile; fileRef = CCA6D12125F90D20000690C4 /* SyntaxKit.swift */; };
		CCA6D13725F90D20000690C4 /* SyntaxKit.swift in Sources */ = {isa = PBXBuildFile; fileRef = CCA6D12125F90D20000690C4 /* SyntaxKit.swift */; };
		CCA6D13825F90D20000690C4 /* SyntaxKit.swift in Sources */ = {isa = PBXBuildFile; fileRef = CCA6D12125F90D20000690C4 /* SyntaxKit.swift */; };
		CCA6D13925F90D20000690C4 /* ScopedString.swift in Sources */ = {isa = PBXBuildFile; fileRef = CCA6D12225F90D20000690C4 /* ScopedString.swift */; };
		CCA6D13A25F90D20000690C4 /* ScopedString.swift in Sources */ = {isa = PBXBuildFile; fileRef = CCA6D12225F90D20000690C4 /* ScopedString.swift */; };
		CCA6D13B25F90D20000690C4 /* ScopedString.swift in Sources */ = {isa = PBXBuildFile; fileRef = CCA6D12225F90D20000690C4 /* ScopedString.swift */; };
		CCA6D13C25F90D20000690C4 /* ScopedString.swift in Sources */ = {isa = PBXBuildFile; fileRef = CCA6D12225F90D20000690C4 /* ScopedString.swift */; };
		CCA6D13D25F90D20000690C4 /* CaptureCollection.swift in Sources */ = {isa = PBXBuildFile; fileRef = CCA6D12325F90D20000690C4 /* CaptureCollection.swift */; };
		CCA6D13E25F90D20000690C4 /* CaptureCollection.swift in Sources */ = {isa = PBXBuildFile; fileRef = CCA6D12325F90D20000690C4 /* CaptureCollection.swift */; };
		CCA6D13F25F90D20000690C4 /* CaptureCollection.swift in Sources */ = {isa = PBXBuildFile; fileRef = CCA6D12325F90D20000690C4 /* CaptureCollection.swift */; };
		CCA6D14025F90D20000690C4 /* CaptureCollection.swift in Sources */ = {isa = PBXBuildFile; fileRef = CCA6D12325F90D20000690C4 /* CaptureCollection.swift */; };
		CCA6D14125F90D20000690C4 /* Language.swift in Sources */ = {isa = PBXBuildFile; fileRef = CCA6D12425F90D20000690C4 /* Language.swift */; };
		CCA6D14225F90D20000690C4 /* Language.swift in Sources */ = {isa = PBXBuildFile; fileRef = CCA6D12425F90D20000690C4 /* Language.swift */; };
		CCA6D14325F90D20000690C4 /* Language.swift in Sources */ = {isa = PBXBuildFile; fileRef = CCA6D12425F90D20000690C4 /* Language.swift */; };
		CCA6D14425F90D20000690C4 /* Language.swift in Sources */ = {isa = PBXBuildFile; fileRef = CCA6D12425F90D20000690C4 /* Language.swift */; };
		CCA6D14525F90D20000690C4 /* AttributedParsingOperation.swift in Sources */ = {isa = PBXBuildFile; fileRef = CCA6D12525F90D20000690C4 /* AttributedParsingOperation.swift */; };
		CCA6D14625F90D20000690C4 /* AttributedParsingOperation.swift in Sources */ = {isa = PBXBuildFile; fileRef = CCA6D12525F90D20000690C4 /* AttributedParsingOperation.swift */; };
		CCA6D14725F90D20000690C4 /* AttributedParsingOperation.swift in Sources */ = {isa = PBXBuildFile; fileRef = CCA6D12525F90D20000690C4 /* AttributedParsingOperation.swift */; };
		CCA6D14825F90D20000690C4 /* AttributedParsingOperation.swift in Sources */ = {isa = PBXBuildFile; fileRef = CCA6D12525F90D20000690C4 /* AttributedParsingOperation.swift */; };
		CCA6D14925F90D20000690C4 /* Capture.swift in Sources */ = {isa = PBXBuildFile; fileRef = CCA6D12625F90D20000690C4 /* Capture.swift */; };
		CCA6D14A25F90D20000690C4 /* Capture.swift in Sources */ = {isa = PBXBuildFile; fileRef = CCA6D12625F90D20000690C4 /* Capture.swift */; };
		CCA6D14B25F90D20000690C4 /* Capture.swift in Sources */ = {isa = PBXBuildFile; fileRef = CCA6D12625F90D20000690C4 /* Capture.swift */; };
		CCA6D14C25F90D20000690C4 /* Capture.swift in Sources */ = {isa = PBXBuildFile; fileRef = CCA6D12625F90D20000690C4 /* Capture.swift */; };
		CCA6D14D25F90D21000690C4 /* BundleManager.swift in Sources */ = {isa = PBXBuildFile; fileRef = CCA6D12725F90D20000690C4 /* BundleManager.swift */; };
		CCA6D14E25F90D21000690C4 /* BundleManager.swift in Sources */ = {isa = PBXBuildFile; fileRef = CCA6D12725F90D20000690C4 /* BundleManager.swift */; };
		CCA6D14F25F90D21000690C4 /* BundleManager.swift in Sources */ = {isa = PBXBuildFile; fileRef = CCA6D12725F90D20000690C4 /* BundleManager.swift */; };
		CCA6D15025F90D21000690C4 /* BundleManager.swift in Sources */ = {isa = PBXBuildFile; fileRef = CCA6D12725F90D20000690C4 /* BundleManager.swift */; };
		CCA6D15125F90D21000690C4 /* Attributes.swift in Sources */ = {isa = PBXBuildFile; fileRef = CCA6D12825F90D20000690C4 /* Attributes.swift */; };
		CCA6D15225F90D21000690C4 /* Attributes.swift in Sources */ = {isa = PBXBuildFile; fileRef = CCA6D12825F90D20000690C4 /* Attributes.swift */; };
		CCA6D15325F90D21000690C4 /* Attributes.swift in Sources */ = {isa = PBXBuildFile; fileRef = CCA6D12825F90D20000690C4 /* Attributes.swift */; };
		CCA6D15425F90D21000690C4 /* Attributes.swift in Sources */ = {isa = PBXBuildFile; fileRef = CCA6D12825F90D20000690C4 /* Attributes.swift */; };
		CCA6D15525F90D21000690C4 /* Result.swift in Sources */ = {isa = PBXBuildFile; fileRef = CCA6D12925F90D20000690C4 /* Result.swift */; };
		CCA6D15625F90D21000690C4 /* Result.swift in Sources */ = {isa = PBXBuildFile; fileRef = CCA6D12925F90D20000690C4 /* Result.swift */; };
		CCA6D15725F90D21000690C4 /* Result.swift in Sources */ = {isa = PBXBuildFile; fileRef = CCA6D12925F90D20000690C4 /* Result.swift */; };
		CCA6D15825F90D21000690C4 /* Result.swift in Sources */ = {isa = PBXBuildFile; fileRef = CCA6D12925F90D20000690C4 /* Result.swift */; };
		CCA6D15925F90D21000690C4 /* ReferenceManager.swift in Sources */ = {isa = PBXBuildFile; fileRef = CCA6D12A25F90D20000690C4 /* ReferenceManager.swift */; };
		CCA6D15A25F90D21000690C4 /* ReferenceManager.swift in Sources */ = {isa = PBXBuildFile; fileRef = CCA6D12A25F90D20000690C4 /* ReferenceManager.swift */; };
		CCA6D15B25F90D21000690C4 /* ReferenceManager.swift in Sources */ = {isa = PBXBuildFile; fileRef = CCA6D12A25F90D20000690C4 /* ReferenceManager.swift */; };
		CCA6D15C25F90D21000690C4 /* ReferenceManager.swift in Sources */ = {isa = PBXBuildFile; fileRef = CCA6D12A25F90D20000690C4 /* ReferenceManager.swift */; };
		CCA6D16125F90D21000690C4 /* Repository.swift in Sources */ = {isa = PBXBuildFile; fileRef = CCA6D12C25F90D20000690C4 /* Repository.swift */; };
		CCA6D16225F90D21000690C4 /* Repository.swift in Sources */ = {isa = PBXBuildFile; fileRef = CCA6D12C25F90D20000690C4 /* Repository.swift */; };
		CCA6D16325F90D21000690C4 /* Repository.swift in Sources */ = {isa = PBXBuildFile; fileRef = CCA6D12C25F90D20000690C4 /* Repository.swift */; };
		CCA6D16425F90D21000690C4 /* Repository.swift in Sources */ = {isa = PBXBuildFile; fileRef = CCA6D12C25F90D20000690C4 /* Repository.swift */; };
		CCA6D16525F90D21000690C4 /* Parser.swift in Sources */ = {isa = PBXBuildFile; fileRef = CCA6D12D25F90D20000690C4 /* Parser.swift */; };
		CCA6D16625F90D21000690C4 /* Parser.swift in Sources */ = {isa = PBXBuildFile; fileRef = CCA6D12D25F90D20000690C4 /* Parser.swift */; };
		CCA6D16725F90D21000690C4 /* Parser.swift in Sources */ = {isa = PBXBuildFile; fileRef = CCA6D12D25F90D20000690C4 /* Parser.swift */; };
		CCA6D16825F90D21000690C4 /* Parser.swift in Sources */ = {isa = PBXBuildFile; fileRef = CCA6D12D25F90D20000690C4 /* Parser.swift */; };
		CCA6D16925F90D21000690C4 /* AttributedParser.swift in Sources */ = {isa = PBXBuildFile; fileRef = CCA6D12E25F90D20000690C4 /* AttributedParser.swift */; };
		CCA6D16A25F90D21000690C4 /* AttributedParser.swift in Sources */ = {isa = PBXBuildFile; fileRef = CCA6D12E25F90D20000690C4 /* AttributedParser.swift */; };
		CCA6D16B25F90D21000690C4 /* AttributedParser.swift in Sources */ = {isa = PBXBuildFile; fileRef = CCA6D12E25F90D20000690C4 /* AttributedParser.swift */; };
		CCA6D16C25F90D21000690C4 /* AttributedParser.swift in Sources */ = {isa = PBXBuildFile; fileRef = CCA6D12E25F90D20000690C4 /* AttributedParser.swift */; };
		CCA6D16D25F90D21000690C4 /* Theme.swift in Sources */ = {isa = PBXBuildFile; fileRef = CCA6D12F25F90D20000690C4 /* Theme.swift */; };
		CCA6D16E25F90D21000690C4 /* Theme.swift in Sources */ = {isa = PBXBuildFile; fileRef = CCA6D12F25F90D20000690C4 /* Theme.swift */; };
		CCA6D16F25F90D21000690C4 /* Theme.swift in Sources */ = {isa = PBXBuildFile; fileRef = CCA6D12F25F90D20000690C4 /* Theme.swift */; };
		CCA6D17025F90D21000690C4 /* Theme.swift in Sources */ = {isa = PBXBuildFile; fileRef = CCA6D12F25F90D20000690C4 /* Theme.swift */; };
		CCA6D17125F90D21000690C4 /* Font.swift in Sources */ = {isa = PBXBuildFile; fileRef = CCA6D13025F90D20000690C4 /* Font.swift */; };
		CCA6D17225F90D21000690C4 /* Font.swift in Sources */ = {isa = PBXBuildFile; fileRef = CCA6D13025F90D20000690C4 /* Font.swift */; };
		CCA6D17325F90D21000690C4 /* Font.swift in Sources */ = {isa = PBXBuildFile; fileRef = CCA6D13025F90D20000690C4 /* Font.swift */; };
		CCA6D17425F90D21000690C4 /* Font.swift in Sources */ = {isa = PBXBuildFile; fileRef = CCA6D13025F90D20000690C4 /* Font.swift */; };
		CCA6D17525F90D21000690C4 /* Pattern.swift in Sources */ = {isa = PBXBuildFile; fileRef = CCA6D13125F90D20000690C4 /* Pattern.swift */; };
		CCA6D17625F90D21000690C4 /* Pattern.swift in Sources */ = {isa = PBXBuildFile; fileRef = CCA6D13125F90D20000690C4 /* Pattern.swift */; };
		CCA6D17725F90D21000690C4 /* Pattern.swift in Sources */ = {isa = PBXBuildFile; fileRef = CCA6D13125F90D20000690C4 /* Pattern.swift */; };
		CCA6D17825F90D21000690C4 /* Pattern.swift in Sources */ = {isa = PBXBuildFile; fileRef = CCA6D13125F90D20000690C4 /* Pattern.swift */; };
		CCA6D17925F90D21000690C4 /* RegularExpression.swift in Sources */ = {isa = PBXBuildFile; fileRef = CCA6D13225F90D20000690C4 /* RegularExpression.swift */; };
		CCA6D17A25F90D21000690C4 /* RegularExpression.swift in Sources */ = {isa = PBXBuildFile; fileRef = CCA6D13225F90D20000690C4 /* RegularExpression.swift */; };
		CCA6D17B25F90D21000690C4 /* RegularExpression.swift in Sources */ = {isa = PBXBuildFile; fileRef = CCA6D13225F90D20000690C4 /* RegularExpression.swift */; };
		CCA6D17C25F90D21000690C4 /* RegularExpression.swift in Sources */ = {isa = PBXBuildFile; fileRef = CCA6D13225F90D20000690C4 /* RegularExpression.swift */; };
		CCA6D17D25F90D21000690C4 /* ResultSet.swift in Sources */ = {isa = PBXBuildFile; fileRef = CCA6D13325F90D20000690C4 /* ResultSet.swift */; };
		CCA6D17E25F90D21000690C4 /* ResultSet.swift in Sources */ = {isa = PBXBuildFile; fileRef = CCA6D13325F90D20000690C4 /* ResultSet.swift */; };
		CCA6D17F25F90D21000690C4 /* ResultSet.swift in Sources */ = {isa = PBXBuildFile; fileRef = CCA6D13325F90D20000690C4 /* ResultSet.swift */; };
		CCA6D18025F90D21000690C4 /* ResultSet.swift in Sources */ = {isa = PBXBuildFile; fileRef = CCA6D13325F90D20000690C4 /* ResultSet.swift */; };
		CCA6D18125F90D21000690C4 /* Color.swift in Sources */ = {isa = PBXBuildFile; fileRef = CCA6D13425F90D20000690C4 /* Color.swift */; };
		CCA6D18225F90D21000690C4 /* Color.swift in Sources */ = {isa = PBXBuildFile; fileRef = CCA6D13425F90D20000690C4 /* Color.swift */; };
		CCA6D18325F90D21000690C4 /* Color.swift in Sources */ = {isa = PBXBuildFile; fileRef = CCA6D13425F90D20000690C4 /* Color.swift */; };
		CCA6D18425F90D21000690C4 /* Color.swift in Sources */ = {isa = PBXBuildFile; fileRef = CCA6D13425F90D20000690C4 /* Color.swift */; };
		CCA6D19C25F90D2E000690C4 /* AttributedParserTests.swift in Sources */ = {isa = PBXBuildFile; fileRef = CCA6D18C25F90D2E000690C4 /* AttributedParserTests.swift */; };
		CCA6D19D25F90D2E000690C4 /* AttributedParserTests.swift in Sources */ = {isa = PBXBuildFile; fileRef = CCA6D18C25F90D2E000690C4 /* AttributedParserTests.swift */; };
		CCA6D19E25F90D2E000690C4 /* AttributedParserTests.swift in Sources */ = {isa = PBXBuildFile; fileRef = CCA6D18C25F90D2E000690C4 /* AttributedParserTests.swift */; };
		CCA6D19F25F90D2E000690C4 /* ScopedStringTests.swift in Sources */ = {isa = PBXBuildFile; fileRef = CCA6D18D25F90D2E000690C4 /* ScopedStringTests.swift */; };
		CCA6D1A025F90D2E000690C4 /* ScopedStringTests.swift in Sources */ = {isa = PBXBuildFile; fileRef = CCA6D18D25F90D2E000690C4 /* ScopedStringTests.swift */; };
		CCA6D1A125F90D2E000690C4 /* ScopedStringTests.swift in Sources */ = {isa = PBXBuildFile; fileRef = CCA6D18D25F90D2E000690C4 /* ScopedStringTests.swift */; };
		CCA6D1A225F90D2E000690C4 /* XCTestManifests.swift in Sources */ = {isa = PBXBuildFile; fileRef = CCA6D18E25F90D2E000690C4 /* XCTestManifests.swift */; };
		CCA6D1A325F90D2E000690C4 /* XCTestManifests.swift in Sources */ = {isa = PBXBuildFile; fileRef = CCA6D18E25F90D2E000690C4 /* XCTestManifests.swift */; };
		CCA6D1A425F90D2E000690C4 /* XCTestManifests.swift in Sources */ = {isa = PBXBuildFile; fileRef = CCA6D18E25F90D2E000690C4 /* XCTestManifests.swift */; };
		CCA6D1A525F90D2E000690C4 /* LanguageTests.swift in Sources */ = {isa = PBXBuildFile; fileRef = CCA6D18F25F90D2E000690C4 /* LanguageTests.swift */; };
		CCA6D1A625F90D2E000690C4 /* LanguageTests.swift in Sources */ = {isa = PBXBuildFile; fileRef = CCA6D18F25F90D2E000690C4 /* LanguageTests.swift */; };
		CCA6D1A725F90D2E000690C4 /* LanguageTests.swift in Sources */ = {isa = PBXBuildFile; fileRef = CCA6D18F25F90D2E000690C4 /* LanguageTests.swift */; };
		CCA6D1A825F90D2E000690C4 /* TestHelper.swift in Sources */ = {isa = PBXBuildFile; fileRef = CCA6D19025F90D2E000690C4 /* TestHelper.swift */; };
		CCA6D1A925F90D2E000690C4 /* TestHelper.swift in Sources */ = {isa = PBXBuildFile; fileRef = CCA6D19025F90D2E000690C4 /* TestHelper.swift */; };
		CCA6D1AA25F90D2E000690C4 /* TestHelper.swift in Sources */ = {isa = PBXBuildFile; fileRef = CCA6D19025F90D2E000690C4 /* TestHelper.swift */; };
		CCA6D1AB25F90D2E000690C4 /* SwiftBaselineHighlightingTests.swift in Sources */ = {isa = PBXBuildFile; fileRef = CCA6D19125F90D2E000690C4 /* SwiftBaselineHighlightingTests.swift */; };
		CCA6D1AC25F90D2E000690C4 /* SwiftBaselineHighlightingTests.swift in Sources */ = {isa = PBXBuildFile; fileRef = CCA6D19125F90D2E000690C4 /* SwiftBaselineHighlightingTests.swift */; };
		CCA6D1AD25F90D2E000690C4 /* SwiftBaselineHighlightingTests.swift in Sources */ = {isa = PBXBuildFile; fileRef = CCA6D19125F90D2E000690C4 /* SwiftBaselineHighlightingTests.swift */; };
		CCA6D1AE25F90D2E000690C4 /* PerformanceTests.swift in Sources */ = {isa = PBXBuildFile; fileRef = CCA6D19225F90D2E000690C4 /* PerformanceTests.swift */; };
		CCA6D1AF25F90D2E000690C4 /* PerformanceTests.swift in Sources */ = {isa = PBXBuildFile; fileRef = CCA6D19225F90D2E000690C4 /* PerformanceTests.swift */; };
		CCA6D1B025F90D2E000690C4 /* PerformanceTests.swift in Sources */ = {isa = PBXBuildFile; fileRef = CCA6D19225F90D2E000690C4 /* PerformanceTests.swift */; };
		CCA6D1B125F90D2E000690C4 /* ParserTests.swift in Sources */ = {isa = PBXBuildFile; fileRef = CCA6D19325F90D2E000690C4 /* ParserTests.swift */; };
		CCA6D1B225F90D2E000690C4 /* ParserTests.swift in Sources */ = {isa = PBXBuildFile; fileRef = CCA6D19325F90D2E000690C4 /* ParserTests.swift */; };
		CCA6D1B325F90D2E000690C4 /* ParserTests.swift in Sources */ = {isa = PBXBuildFile; fileRef = CCA6D19325F90D2E000690C4 /* ParserTests.swift */; };
		CCA6D1B425F90D2E000690C4 /* TestSyntaxKit.bundle in Resources */ = {isa = PBXBuildFile; fileRef = CCA6D19525F90D2E000690C4 /* TestSyntaxKit.bundle */; };
		CCA6D1B525F90D2E000690C4 /* TestSyntaxKit.bundle in Resources */ = {isa = PBXBuildFile; fileRef = CCA6D19525F90D2E000690C4 /* TestSyntaxKit.bundle */; };
		CCA6D1B625F90D2E000690C4 /* TestSyntaxKit.bundle in Resources */ = {isa = PBXBuildFile; fileRef = CCA6D19525F90D2E000690C4 /* TestSyntaxKit.bundle */; };
		CCA6D1B725F90D2E000690C4 /* IncrementalParsingTests.swift in Sources */ = {isa = PBXBuildFile; fileRef = CCA6D19625F90D2E000690C4 /* IncrementalParsingTests.swift */; };
		CCA6D1B825F90D2E000690C4 /* IncrementalParsingTests.swift in Sources */ = {isa = PBXBuildFile; fileRef = CCA6D19625F90D2E000690C4 /* IncrementalParsingTests.swift */; };
		CCA6D1B925F90D2E000690C4 /* IncrementalParsingTests.swift in Sources */ = {isa = PBXBuildFile; fileRef = CCA6D19625F90D2E000690C4 /* IncrementalParsingTests.swift */; };
		CCA6D1BA25F90D2E000690C4 /* BackReferenceTests.swift in Sources */ = {isa = PBXBuildFile; fileRef = CCA6D19725F90D2E000690C4 /* BackReferenceTests.swift */; };
		CCA6D1BB25F90D2E000690C4 /* BackReferenceTests.swift in Sources */ = {isa = PBXBuildFile; fileRef = CCA6D19725F90D2E000690C4 /* BackReferenceTests.swift */; };
		CCA6D1BC25F90D2E000690C4 /* BackReferenceTests.swift in Sources */ = {isa = PBXBuildFile; fileRef = CCA6D19725F90D2E000690C4 /* BackReferenceTests.swift */; };
		CCA6D1BD25F90D2E000690C4 /* ThemeTests.swift in Sources */ = {isa = PBXBuildFile; fileRef = CCA6D19825F90D2E000690C4 /* ThemeTests.swift */; };
		CCA6D1BE25F90D2E000690C4 /* ThemeTests.swift in Sources */ = {isa = PBXBuildFile; fileRef = CCA6D19825F90D2E000690C4 /* ThemeTests.swift */; };
		CCA6D1BF25F90D2E000690C4 /* ThemeTests.swift in Sources */ = {isa = PBXBuildFile; fileRef = CCA6D19825F90D2E000690C4 /* ThemeTests.swift */; };
/* End PBXBuildFile section */

/* Begin PBXContainerItemProxy section */
		211826E51D257A71003F2BF2 /* PBXContainerItemProxy */ = {
			isa = PBXContainerItemProxy;
			containerPortal = 2122A6D51B22B9320006409B /* Project object */;
			proxyType = 1;
			remoteGlobalIDString = 211826D91D257A71003F2BF2;
			remoteInfo = SyntaxKit;
		};
		211989B21B2EC3B600F0D786 /* PBXContainerItemProxy */ = {
			isa = PBXContainerItemProxy;
			containerPortal = 2122A6D51B22B9320006409B /* Project object */;
			proxyType = 1;
			remoteGlobalIDString = 211989A61B2EC3B600F0D786;
			remoteInfo = "SyntaxKit-iOS";
		};
		2122A6EB1B22B9320006409B /* PBXContainerItemProxy */ = {
			isa = PBXContainerItemProxy;
			containerPortal = 2122A6D51B22B9320006409B /* Project object */;
			proxyType = 1;
			remoteGlobalIDString = 2122A6DD1B22B9320006409B;
			remoteInfo = SyntaxKit;
		};
/* End PBXContainerItemProxy section */

/* Begin PBXCopyFilesBuildPhase section */
		211827BD1D258060003F2BF2 /* Embed Frameworks */ = {
			isa = PBXCopyFilesBuildPhase;
			buildActionMask = 2147483647;
			dstPath = "";
			dstSubfolderSpec = 10;
			files = (
			);
			name = "Embed Frameworks";
			runOnlyForDeploymentPostprocessing = 0;
		};
		2132B6221B7BFFF300C2F25B /* Embed Frameworks */ = {
			isa = PBXCopyFilesBuildPhase;
			buildActionMask = 2147483647;
			dstPath = "";
			dstSubfolderSpec = 10;
			files = (
			);
			name = "Embed Frameworks";
			runOnlyForDeploymentPostprocessing = 0;
		};
		2132B6241B7C000400C2F25B /* Embed Frameworks */ = {
			isa = PBXCopyFilesBuildPhase;
			buildActionMask = 2147483647;
			dstPath = "";
			dstSubfolderSpec = 10;
			files = (
			);
			name = "Embed Frameworks";
			runOnlyForDeploymentPostprocessing = 0;
		};
/* End PBXCopyFilesBuildPhase section */

/* Begin PBXFileReference section */
		211826DA1D257A71003F2BF2 /* SyntaxKit.framework */ = {isa = PBXFileReference; explicitFileType = wrapper.framework; includeInIndex = 0; path = SyntaxKit.framework; sourceTree = BUILT_PRODUCTS_DIR; };
		211826E31D257A71003F2BF2 /* SyntaxKitTests.xctest */ = {isa = PBXFileReference; explicitFileType = wrapper.cfbundle; includeInIndex = 0; path = SyntaxKitTests.xctest; sourceTree = BUILT_PRODUCTS_DIR; };
		211989A71B2EC3B600F0D786 /* SyntaxKit.framework */ = {isa = PBXFileReference; explicitFileType = wrapper.framework; includeInIndex = 0; path = SyntaxKit.framework; sourceTree = BUILT_PRODUCTS_DIR; };
		211989B01B2EC3B600F0D786 /* SyntaxKitTests-iOS.xctest */ = {isa = PBXFileReference; explicitFileType = wrapper.cfbundle; includeInIndex = 0; path = "SyntaxKitTests-iOS.xctest"; sourceTree = BUILT_PRODUCTS_DIR; };
		2122A6DE1B22B9320006409B /* SyntaxKit.framework */ = {isa = PBXFileReference; explicitFileType = wrapper.framework; includeInIndex = 0; path = SyntaxKit.framework; sourceTree = BUILT_PRODUCTS_DIR; };
		2122A6E91B22B9320006409B /* SyntaxKitTests-macOS.xctest */ = {isa = PBXFileReference; explicitFileType = wrapper.cfbundle; includeInIndex = 0; path = "SyntaxKitTests-macOS.xctest"; sourceTree = BUILT_PRODUCTS_DIR; };
		2198CECA1B36D5D700BD463F /* SyntaxKit.framework */ = {isa = PBXFileReference; explicitFileType = wrapper.framework; includeInIndex = 0; path = SyntaxKit.framework; sourceTree = BUILT_PRODUCTS_DIR; };
		CCA6D12125F90D20000690C4 /* SyntaxKit.swift */ = {isa = PBXFileReference; fileEncoding = 4; lastKnownFileType = sourcecode.swift; path = SyntaxKit.swift; sourceTree = "<group>"; };
		CCA6D12225F90D20000690C4 /* ScopedString.swift */ = {isa = PBXFileReference; fileEncoding = 4; lastKnownFileType = sourcecode.swift; path = ScopedString.swift; sourceTree = "<group>"; };
		CCA6D12325F90D20000690C4 /* CaptureCollection.swift */ = {isa = PBXFileReference; fileEncoding = 4; lastKnownFileType = sourcecode.swift; path = CaptureCollection.swift; sourceTree = "<group>"; };
		CCA6D12425F90D20000690C4 /* Language.swift */ = {isa = PBXFileReference; fileEncoding = 4; lastKnownFileType = sourcecode.swift; path = Language.swift; sourceTree = "<group>"; };
		CCA6D12525F90D20000690C4 /* AttributedParsingOperation.swift */ = {isa = PBXFileReference; fileEncoding = 4; lastKnownFileType = sourcecode.swift; path = AttributedParsingOperation.swift; sourceTree = "<group>"; };
		CCA6D12625F90D20000690C4 /* Capture.swift */ = {isa = PBXFileReference; fileEncoding = 4; lastKnownFileType = sourcecode.swift; path = Capture.swift; sourceTree = "<group>"; };
		CCA6D12725F90D20000690C4 /* BundleManager.swift */ = {isa = PBXFileReference; fileEncoding = 4; lastKnownFileType = sourcecode.swift; path = BundleManager.swift; sourceTree = "<group>"; };
		CCA6D12825F90D20000690C4 /* Attributes.swift */ = {isa = PBXFileReference; fileEncoding = 4; lastKnownFileType = sourcecode.swift; path = Attributes.swift; sourceTree = "<group>"; };
		CCA6D12925F90D20000690C4 /* Result.swift */ = {isa = PBXFileReference; fileEncoding = 4; lastKnownFileType = sourcecode.swift; path = Result.swift; sourceTree = "<group>"; };
		CCA6D12A25F90D20000690C4 /* ReferenceManager.swift */ = {isa = PBXFileReference; fileEncoding = 4; lastKnownFileType = sourcecode.swift; path = ReferenceManager.swift; sourceTree = "<group>"; };
		CCA6D12C25F90D20000690C4 /* Repository.swift */ = {isa = PBXFileReference; fileEncoding = 4; lastKnownFileType = sourcecode.swift; path = Repository.swift; sourceTree = "<group>"; };
		CCA6D12D25F90D20000690C4 /* Parser.swift */ = {isa = PBXFileReference; fileEncoding = 4; lastKnownFileType = sourcecode.swift; path = Parser.swift; sourceTree = "<group>"; };
		CCA6D12E25F90D20000690C4 /* AttributedParser.swift */ = {isa = PBXFileReference; fileEncoding = 4; lastKnownFileType = sourcecode.swift; path = AttributedParser.swift; sourceTree = "<group>"; };
		CCA6D12F25F90D20000690C4 /* Theme.swift */ = {isa = PBXFileReference; fileEncoding = 4; lastKnownFileType = sourcecode.swift; path = Theme.swift; sourceTree = "<group>"; };
		CCA6D13025F90D20000690C4 /* Font.swift */ = {isa = PBXFileReference; fileEncoding = 4; lastKnownFileType = sourcecode.swift; path = Font.swift; sourceTree = "<group>"; };
		CCA6D13125F90D20000690C4 /* Pattern.swift */ = {isa = PBXFileReference; fileEncoding = 4; lastKnownFileType = sourcecode.swift; path = Pattern.swift; sourceTree = "<group>"; };
		CCA6D13225F90D20000690C4 /* RegularExpression.swift */ = {isa = PBXFileReference; fileEncoding = 4; lastKnownFileType = sourcecode.swift; path = RegularExpression.swift; sourceTree = "<group>"; };
		CCA6D13325F90D20000690C4 /* ResultSet.swift */ = {isa = PBXFileReference; fileEncoding = 4; lastKnownFileType = sourcecode.swift; path = ResultSet.swift; sourceTree = "<group>"; };
		CCA6D13425F90D20000690C4 /* Color.swift */ = {isa = PBXFileReference; fileEncoding = 4; lastKnownFileType = sourcecode.swift; path = Color.swift; sourceTree = "<group>"; };
		CCA6D18C25F90D2E000690C4 /* AttributedParserTests.swift */ = {isa = PBXFileReference; fileEncoding = 4; lastKnownFileType = sourcecode.swift; path = AttributedParserTests.swift; sourceTree = "<group>"; };
		CCA6D18D25F90D2E000690C4 /* ScopedStringTests.swift */ = {isa = PBXFileReference; fileEncoding = 4; lastKnownFileType = sourcecode.swift; path = ScopedStringTests.swift; sourceTree = "<group>"; };
		CCA6D18E25F90D2E000690C4 /* XCTestManifests.swift */ = {isa = PBXFileReference; fileEncoding = 4; lastKnownFileType = sourcecode.swift; path = XCTestManifests.swift; sourceTree = "<group>"; };
		CCA6D18F25F90D2E000690C4 /* LanguageTests.swift */ = {isa = PBXFileReference; fileEncoding = 4; lastKnownFileType = sourcecode.swift; path = LanguageTests.swift; sourceTree = "<group>"; };
		CCA6D19025F90D2E000690C4 /* TestHelper.swift */ = {isa = PBXFileReference; fileEncoding = 4; lastKnownFileType = sourcecode.swift; path = TestHelper.swift; sourceTree = "<group>"; };
		CCA6D19125F90D2E000690C4 /* SwiftBaselineHighlightingTests.swift */ = {isa = PBXFileReference; fileEncoding = 4; lastKnownFileType = sourcecode.swift; path = SwiftBaselineHighlightingTests.swift; sourceTree = "<group>"; };
		CCA6D19225F90D2E000690C4 /* PerformanceTests.swift */ = {isa = PBXFileReference; fileEncoding = 4; lastKnownFileType = sourcecode.swift; path = PerformanceTests.swift; sourceTree = "<group>"; };
		CCA6D19325F90D2E000690C4 /* ParserTests.swift */ = {isa = PBXFileReference; fileEncoding = 4; lastKnownFileType = sourcecode.swift; path = ParserTests.swift; sourceTree = "<group>"; };
		CCA6D19525F90D2E000690C4 /* TestSyntaxKit.bundle */ = {isa = PBXFileReference; lastKnownFileType = "wrapper.plug-in"; path = TestSyntaxKit.bundle; sourceTree = "<group>"; };
		CCA6D19625F90D2E000690C4 /* IncrementalParsingTests.swift */ = {isa = PBXFileReference; fileEncoding = 4; lastKnownFileType = sourcecode.swift; path = IncrementalParsingTests.swift; sourceTree = "<group>"; };
		CCA6D19725F90D2E000690C4 /* BackReferenceTests.swift */ = {isa = PBXFileReference; fileEncoding = 4; lastKnownFileType = sourcecode.swift; path = BackReferenceTests.swift; sourceTree = "<group>"; };
		CCA6D19825F90D2E000690C4 /* ThemeTests.swift */ = {isa = PBXFileReference; fileEncoding = 4; lastKnownFileType = sourcecode.swift; path = ThemeTests.swift; sourceTree = "<group>"; };
		CCA6D1E125F90DBD000690C4 /* Info.plist */ = {isa = PBXFileReference; fileEncoding = 4; lastKnownFileType = text.plist.xml; path = Info.plist; sourceTree = "<group>"; };
/* End PBXFileReference section */

/* Begin PBXFrameworksBuildPhase section */
		211826D61D257A71003F2BF2 /* Frameworks */ = {
			isa = PBXFrameworksBuildPhase;
			buildActionMask = 2147483647;
			files = (
			);
			runOnlyForDeploymentPostprocessing = 0;
		};
		211826E01D257A71003F2BF2 /* Frameworks */ = {
			isa = PBXFrameworksBuildPhase;
			buildActionMask = 2147483647;
			files = (
				211826E41D257A71003F2BF2 /* SyntaxKit.framework in Frameworks */,
			);
			runOnlyForDeploymentPostprocessing = 0;
		};
		211989A31B2EC3B600F0D786 /* Frameworks */ = {
			isa = PBXFrameworksBuildPhase;
			buildActionMask = 2147483647;
			files = (
			);
			runOnlyForDeploymentPostprocessing = 0;
		};
		211989AD1B2EC3B600F0D786 /* Frameworks */ = {
			isa = PBXFrameworksBuildPhase;
			buildActionMask = 2147483647;
			files = (
				211989B11B2EC3B600F0D786 /* SyntaxKit.framework in Frameworks */,
			);
			runOnlyForDeploymentPostprocessing = 0;
		};
		2122A6DA1B22B9320006409B /* Frameworks */ = {
			isa = PBXFrameworksBuildPhase;
			buildActionMask = 2147483647;
			files = (
			);
			runOnlyForDeploymentPostprocessing = 0;
		};
		2122A6E61B22B9320006409B /* Frameworks */ = {
			isa = PBXFrameworksBuildPhase;
			buildActionMask = 2147483647;
			files = (
				2122A6EA1B22B9320006409B /* SyntaxKit.framework in Frameworks */,
			);
			runOnlyForDeploymentPostprocessing = 0;
		};
		2198CEC61B36D5D700BD463F /* Frameworks */ = {
			isa = PBXFrameworksBuildPhase;
			buildActionMask = 2147483647;
			files = (
			);
			runOnlyForDeploymentPostprocessing = 0;
		};
/* End PBXFrameworksBuildPhase section */

/* Begin PBXGroup section */
		2122A6D41B22B9320006409B = {
			isa = PBXGroup;
			children = (
				CCA6D1E025F90DBD000690C4 /* Resources */,
				CCA6D11F25F90D20000690C4 /* Sources */,
				CCA6D18925F90D2E000690C4 /* Tests */,
				2122A6DF1B22B9320006409B /* Products */,
			);
			sourceTree = "<group>";
		};
		2122A6DF1B22B9320006409B /* Products */ = {
			isa = PBXGroup;
			children = (
				2122A6DE1B22B9320006409B /* SyntaxKit.framework */,
				2122A6E91B22B9320006409B /* SyntaxKitTests-macOS.xctest */,
				211989A71B2EC3B600F0D786 /* SyntaxKit.framework */,
				211989B01B2EC3B600F0D786 /* SyntaxKitTests-iOS.xctest */,
				2198CECA1B36D5D700BD463F /* SyntaxKit.framework */,
				211826DA1D257A71003F2BF2 /* SyntaxKit.framework */,
				211826E31D257A71003F2BF2 /* SyntaxKitTests.xctest */,
			);
			name = Products;
			sourceTree = "<group>";
		};
		CCA6D11F25F90D20000690C4 /* Sources */ = {
			isa = PBXGroup;
			children = (
				CCA6D12025F90D20000690C4 /* SyntaxKit */,
			);
			path = Sources;
			sourceTree = "<group>";
		};
		CCA6D12025F90D20000690C4 /* SyntaxKit */ = {
			isa = PBXGroup;
			children = (
				CCA6D12E25F90D20000690C4 /* AttributedParser.swift */,
				CCA6D12525F90D20000690C4 /* AttributedParsingOperation.swift */,
				CCA6D12825F90D20000690C4 /* Attributes.swift */,
				CCA6D12725F90D20000690C4 /* BundleManager.swift */,
				CCA6D12625F90D20000690C4 /* Capture.swift */,
				CCA6D12325F90D20000690C4 /* CaptureCollection.swift */,
				CCA6D13425F90D20000690C4 /* Color.swift */,
				CCA6D13025F90D20000690C4 /* Font.swift */,
				CCA6D12425F90D20000690C4 /* Language.swift */,
				CCA6D12D25F90D20000690C4 /* Parser.swift */,
				CCA6D13125F90D20000690C4 /* Pattern.swift */,
				CCA6D12A25F90D20000690C4 /* ReferenceManager.swift */,
				CCA6D13225F90D20000690C4 /* RegularExpression.swift */,
				CCA6D12C25F90D20000690C4 /* Repository.swift */,
				CCA6D12925F90D20000690C4 /* Result.swift */,
				CCA6D13325F90D20000690C4 /* ResultSet.swift */,
				CCA6D12225F90D20000690C4 /* ScopedString.swift */,
				CCA6D12125F90D20000690C4 /* SyntaxKit.swift */,
				CCA6D12F25F90D20000690C4 /* Theme.swift */,
			);
			path = SyntaxKit;
			sourceTree = "<group>";
		};
		CCA6D18925F90D2E000690C4 /* Tests */ = {
			isa = PBXGroup;
			children = (
				CCA6D18B25F90D2E000690C4 /* SyntaxKitTests */,
			);
			path = Tests;
			sourceTree = "<group>";
		};
		CCA6D18B25F90D2E000690C4 /* SyntaxKitTests */ = {
			isa = PBXGroup;
			children = (
				CCA6D19425F90D2E000690C4 /* Fixtures */,
				CCA6D18C25F90D2E000690C4 /* AttributedParserTests.swift */,
				CCA6D19725F90D2E000690C4 /* BackReferenceTests.swift */,
				CCA6D19625F90D2E000690C4 /* IncrementalParsingTests.swift */,
				CCA6D18F25F90D2E000690C4 /* LanguageTests.swift */,
				CCA6D19325F90D2E000690C4 /* ParserTests.swift */,
				CCA6D19225F90D2E000690C4 /* PerformanceTests.swift */,
				CCA6D18D25F90D2E000690C4 /* ScopedStringTests.swift */,
				CCA6D19125F90D2E000690C4 /* SwiftBaselineHighlightingTests.swift */,
				CCA6D19025F90D2E000690C4 /* TestHelper.swift */,
				CCA6D19825F90D2E000690C4 /* ThemeTests.swift */,
				CCA6D18E25F90D2E000690C4 /* XCTestManifests.swift */,
			);
			path = SyntaxKitTests;
			sourceTree = "<group>";
		};
		CCA6D19425F90D2E000690C4 /* Fixtures */ = {
			isa = PBXGroup;
			children = (
				CCA6D19525F90D2E000690C4 /* TestSyntaxKit.bundle */,
			);
			path = Fixtures;
			sourceTree = "<group>";
		};
		CCA6D1E025F90DBD000690C4 /* Resources */ = {
			isa = PBXGroup;
			children = (
				CCA6D1E125F90DBD000690C4 /* Info.plist */,
			);
			path = Resources;
			sourceTree = "<group>";
		};
/* End PBXGroup section */

/* Begin PBXHeadersBuildPhase section */
		211826D71D257A71003F2BF2 /* Headers */ = {
			isa = PBXHeadersBuildPhase;
			buildActionMask = 2147483647;
			files = (
			);
			runOnlyForDeploymentPostprocessing = 0;
		};
		211989A41B2EC3B600F0D786 /* Headers */ = {
			isa = PBXHeadersBuildPhase;
			buildActionMask = 2147483647;
			files = (
			);
			runOnlyForDeploymentPostprocessing = 0;
		};
		2122A6DB1B22B9320006409B /* Headers */ = {
			isa = PBXHeadersBuildPhase;
			buildActionMask = 2147483647;
			files = (
			);
			runOnlyForDeploymentPostprocessing = 0;
		};
		2198CEC71B36D5D700BD463F /* Headers */ = {
			isa = PBXHeadersBuildPhase;
			buildActionMask = 2147483647;
			files = (
			);
			runOnlyForDeploymentPostprocessing = 0;
		};
/* End PBXHeadersBuildPhase section */

/* Begin PBXNativeTarget section */
		211826D91D257A71003F2BF2 /* SyntaxKit-tvOS */ = {
			isa = PBXNativeTarget;
			buildConfigurationList = 211826EB1D257A71003F2BF2 /* Build configuration list for PBXNativeTarget "SyntaxKit-tvOS" */;
			buildPhases = (
				211826D51D257A71003F2BF2 /* Sources */,
				211826D61D257A71003F2BF2 /* Frameworks */,
				211826D71D257A71003F2BF2 /* Headers */,
				211826D81D257A71003F2BF2 /* Resources */,
			);
			buildRules = (
			);
			dependencies = (
			);
			name = "SyntaxKit-tvOS";
			productName = SyntaxKit;
			productReference = 211826DA1D257A71003F2BF2 /* SyntaxKit.framework */;
			productType = "com.apple.product-type.framework";
		};
		211826E21D257A71003F2BF2 /* SyntaxKitTests-tvOS */ = {
			isa = PBXNativeTarget;
			buildConfigurationList = 211826EE1D257A71003F2BF2 /* Build configuration list for PBXNativeTarget "SyntaxKitTests-tvOS" */;
			buildPhases = (
				211826DF1D257A71003F2BF2 /* Sources */,
				211826E01D257A71003F2BF2 /* Frameworks */,
				211826E11D257A71003F2BF2 /* Resources */,
				211827BD1D258060003F2BF2 /* Embed Frameworks */,
			);
			buildRules = (
			);
			dependencies = (
				211826E61D257A71003F2BF2 /* PBXTargetDependency */,
			);
			name = "SyntaxKitTests-tvOS";
			productName = SyntaxKitTests;
			productReference = 211826E31D257A71003F2BF2 /* SyntaxKitTests.xctest */;
			productType = "com.apple.product-type.bundle.unit-test";
		};
		211989A61B2EC3B600F0D786 /* SyntaxKit-iOS */ = {
			isa = PBXNativeTarget;
			buildConfigurationList = 211989B81B2EC3B600F0D786 /* Build configuration list for PBXNativeTarget "SyntaxKit-iOS" */;
			buildPhases = (
				211989A21B2EC3B600F0D786 /* Sources */,
				211989A31B2EC3B600F0D786 /* Frameworks */,
				211989A41B2EC3B600F0D786 /* Headers */,
				211989A51B2EC3B600F0D786 /* Resources */,
			);
			buildRules = (
			);
			dependencies = (
			);
			name = "SyntaxKit-iOS";
			productName = "SyntaxKit-iOS";
			productReference = 211989A71B2EC3B600F0D786 /* SyntaxKit.framework */;
			productType = "com.apple.product-type.framework";
		};
		211989AF1B2EC3B600F0D786 /* SyntaxKitTests-iOS */ = {
			isa = PBXNativeTarget;
			buildConfigurationList = 211989BB1B2EC3B600F0D786 /* Build configuration list for PBXNativeTarget "SyntaxKitTests-iOS" */;
			buildPhases = (
				211989AC1B2EC3B600F0D786 /* Sources */,
				211989AD1B2EC3B600F0D786 /* Frameworks */,
				211989AE1B2EC3B600F0D786 /* Resources */,
				2132B6241B7C000400C2F25B /* Embed Frameworks */,
			);
			buildRules = (
			);
			dependencies = (
				211989B31B2EC3B600F0D786 /* PBXTargetDependency */,
			);
			name = "SyntaxKitTests-iOS";
			productName = "SyntaxKit-iOSTests";
			productReference = 211989B01B2EC3B600F0D786 /* SyntaxKitTests-iOS.xctest */;
			productType = "com.apple.product-type.bundle.unit-test";
		};
		2122A6DD1B22B9320006409B /* SyntaxKit-macOS */ = {
			isa = PBXNativeTarget;
			buildConfigurationList = 2122A6F41B22B9320006409B /* Build configuration list for PBXNativeTarget "SyntaxKit-macOS" */;
			buildPhases = (
				2122A6D91B22B9320006409B /* Sources */,
				2122A6DA1B22B9320006409B /* Frameworks */,
				2122A6DB1B22B9320006409B /* Headers */,
				2122A6DC1B22B9320006409B /* Resources */,
				8CDFB7351EE5BA1200CBB1D1 /* ShellScript */,
			);
			buildRules = (
			);
			dependencies = (
			);
			name = "SyntaxKit-macOS";
			productName = SyntaxKit;
			productReference = 2122A6DE1B22B9320006409B /* SyntaxKit.framework */;
			productType = "com.apple.product-type.framework";
		};
		2122A6E81B22B9320006409B /* SyntaxKitTests-macOS */ = {
			isa = PBXNativeTarget;
			buildConfigurationList = 2122A6F71B22B9320006409B /* Build configuration list for PBXNativeTarget "SyntaxKitTests-macOS" */;
			buildPhases = (
				2122A6E51B22B9320006409B /* Sources */,
				2122A6E61B22B9320006409B /* Frameworks */,
				2122A6E71B22B9320006409B /* Resources */,
				2132B6221B7BFFF300C2F25B /* Embed Frameworks */,
			);
			buildRules = (
			);
			dependencies = (
				2122A6EC1B22B9320006409B /* PBXTargetDependency */,
			);
			name = "SyntaxKitTests-macOS";
			productName = SyntaxKitTests;
			productReference = 2122A6E91B22B9320006409B /* SyntaxKitTests-macOS.xctest */;
			productType = "com.apple.product-type.bundle.unit-test";
		};
		2198CEC91B36D5D700BD463F /* SyntaxKit-watchOS */ = {
			isa = PBXNativeTarget;
			buildConfigurationList = 2198CED11B36D5D700BD463F /* Build configuration list for PBXNativeTarget "SyntaxKit-watchOS" */;
			buildPhases = (
				2198CEC51B36D5D700BD463F /* Sources */,
				2198CEC61B36D5D700BD463F /* Frameworks */,
				2198CEC71B36D5D700BD463F /* Headers */,
				2198CEC81B36D5D700BD463F /* Resources */,
			);
			buildRules = (
			);
			dependencies = (
			);
			name = "SyntaxKit-watchOS";
			productName = "SyntaxKit-watchOS";
			productReference = 2198CECA1B36D5D700BD463F /* SyntaxKit.framework */;
			productType = "com.apple.product-type.framework";
		};
/* End PBXNativeTarget section */

/* Begin PBXProject section */
		2122A6D51B22B9320006409B /* Project object */ = {
			isa = PBXProject;
			attributes = {
				LastSwiftUpdateCheck = 0730;
				LastUpgradeCheck = 1240;
				ORGANIZATIONNAME = "Sam Soffes";
				TargetAttributes = {
					211826D91D257A71003F2BF2 = {
						CreatedOnToolsVersion = 7.3.1;
					};
					211826E21D257A71003F2BF2 = {
						CreatedOnToolsVersion = 7.3.1;
					};
					211989A61B2EC3B600F0D786 = {
						CreatedOnToolsVersion = 7.0;
						LastSwiftMigration = 1030;
					};
					211989AF1B2EC3B600F0D786 = {
						CreatedOnToolsVersion = 7.0;
						LastSwiftMigration = 1030;
					};
					2122A6DD1B22B9320006409B = {
						CreatedOnToolsVersion = 6.3.2;
						LastSwiftMigration = 1240;
					};
					2122A6E81B22B9320006409B = {
						CreatedOnToolsVersion = 6.3.2;
						LastSwiftMigration = 1240;
					};
					2198CEC91B36D5D700BD463F = {
						CreatedOnToolsVersion = 7.0;
					};
				};
			};
			buildConfigurationList = 2122A6D81B22B9320006409B /* Build configuration list for PBXProject "SyntaxKit" */;
			compatibilityVersion = "Xcode 3.2";
			developmentRegion = en;
			hasScannedForEncodings = 0;
			knownRegions = (
				en,
				Base,
			);
			mainGroup = 2122A6D41B22B9320006409B;
			productRefGroup = 2122A6DF1B22B9320006409B /* Products */;
			projectDirPath = "";
			projectRoot = "";
			targets = (
				211989A61B2EC3B600F0D786 /* SyntaxKit-iOS */,
				2122A6DD1B22B9320006409B /* SyntaxKit-macOS */,
				211826D91D257A71003F2BF2 /* SyntaxKit-tvOS */,
				2198CEC91B36D5D700BD463F /* SyntaxKit-watchOS */,
				211989AF1B2EC3B600F0D786 /* SyntaxKitTests-iOS */,
				2122A6E81B22B9320006409B /* SyntaxKitTests-macOS */,
				211826E21D257A71003F2BF2 /* SyntaxKitTests-tvOS */,
			);
		};
/* End PBXProject section */

/* Begin PBXResourcesBuildPhase section */
		211826D81D257A71003F2BF2 /* Resources */ = {
			isa = PBXResourcesBuildPhase;
			buildActionMask = 2147483647;
			files = (
			);
			runOnlyForDeploymentPostprocessing = 0;
		};
		211826E11D257A71003F2BF2 /* Resources */ = {
			isa = PBXResourcesBuildPhase;
			buildActionMask = 2147483647;
			files = (
				CCA6D1B625F90D2E000690C4 /* TestSyntaxKit.bundle in Resources */,
			);
			runOnlyForDeploymentPostprocessing = 0;
		};
		211989A51B2EC3B600F0D786 /* Resources */ = {
			isa = PBXResourcesBuildPhase;
			buildActionMask = 2147483647;
			files = (
			);
			runOnlyForDeploymentPostprocessing = 0;
		};
		211989AE1B2EC3B600F0D786 /* Resources */ = {
			isa = PBXResourcesBuildPhase;
			buildActionMask = 2147483647;
			files = (
				CCA6D1B525F90D2E000690C4 /* TestSyntaxKit.bundle in Resources */,
			);
			runOnlyForDeploymentPostprocessing = 0;
		};
		2122A6DC1B22B9320006409B /* Resources */ = {
			isa = PBXResourcesBuildPhase;
			buildActionMask = 2147483647;
			files = (
			);
			runOnlyForDeploymentPostprocessing = 0;
		};
		2122A6E71B22B9320006409B /* Resources */ = {
			isa = PBXResourcesBuildPhase;
			buildActionMask = 2147483647;
			files = (
				CCA6D1B425F90D2E000690C4 /* TestSyntaxKit.bundle in Resources */,
			);
			runOnlyForDeploymentPostprocessing = 0;
		};
		2198CEC81B36D5D700BD463F /* Resources */ = {
			isa = PBXResourcesBuildPhase;
			buildActionMask = 2147483647;
			files = (
			);
			runOnlyForDeploymentPostprocessing = 0;
		};
/* End PBXResourcesBuildPhase section */

/* Begin PBXShellScriptBuildPhase section */
		8CDFB7351EE5BA1200CBB1D1 /* ShellScript */ = {
			isa = PBXShellScriptBuildPhase;
			buildActionMask = 2147483647;
			files = (
			);
			inputPaths = (
			);
			outputPaths = (
			);
			runOnlyForDeploymentPostprocessing = 0;
			shellPath = /bin/sh;
			shellScript = "if [ $CLANG_STATIC_ANALYZER_MODE ]; then\n    if which swiftlint >/dev/null; then\n        swiftlint\n    else\n        echo \"Please install SwiftLint\"\n    fi\nfi";
		};
/* End PBXShellScriptBuildPhase section */

/* Begin PBXSourcesBuildPhase section */
		211826D51D257A71003F2BF2 /* Sources */ = {
			isa = PBXSourcesBuildPhase;
			buildActionMask = 2147483647;
			files = (
				CCA6D15825F90D21000690C4 /* Result.swift in Sources */,
				CCA6D16C25F90D21000690C4 /* AttributedParser.swift in Sources */,
				CCA6D17425F90D21000690C4 /* Font.swift in Sources */,
				CCA6D15C25F90D21000690C4 /* ReferenceManager.swift in Sources */,
				CCA6D15025F90D21000690C4 /* BundleManager.swift in Sources */,
				CCA6D18025F90D21000690C4 /* ResultSet.swift in Sources */,
				CCA6D14C25F90D20000690C4 /* Capture.swift in Sources */,
				CCA6D17825F90D21000690C4 /* Pattern.swift in Sources */,
				CCA6D15425F90D21000690C4 /* Attributes.swift in Sources */,
				CCA6D16425F90D21000690C4 /* Repository.swift in Sources */,
				CCA6D13C25F90D20000690C4 /* ScopedString.swift in Sources */,
				CCA6D18425F90D21000690C4 /* Color.swift in Sources */,
				CCA6D14825F90D20000690C4 /* AttributedParsingOperation.swift in Sources */,
				CCA6D16825F90D21000690C4 /* Parser.swift in Sources */,
				CCA6D14425F90D20000690C4 /* Language.swift in Sources */,
				CCA6D17C25F90D21000690C4 /* RegularExpression.swift in Sources */,
				CCA6D14025F90D20000690C4 /* CaptureCollection.swift in Sources */,
				CCA6D13825F90D20000690C4 /* SyntaxKit.swift in Sources */,
				CCA6D17025F90D21000690C4 /* Theme.swift in Sources */,
			);
			runOnlyForDeploymentPostprocessing = 0;
		};
		211826DF1D257A71003F2BF2 /* Sources */ = {
			isa = PBXSourcesBuildPhase;
			buildActionMask = 2147483647;
			files = (
				CCA6D1BC25F90D2E000690C4 /* BackReferenceTests.swift in Sources */,
				CCA6D19E25F90D2E000690C4 /* AttributedParserTests.swift in Sources */,
				CCA6D1B925F90D2E000690C4 /* IncrementalParsingTests.swift in Sources */,
				CCA6D1A725F90D2E000690C4 /* LanguageTests.swift in Sources */,
				CCA6D1A425F90D2E000690C4 /* XCTestManifests.swift in Sources */,
				CCA6D1BF25F90D2E000690C4 /* ThemeTests.swift in Sources */,
				CCA6D1AA25F90D2E000690C4 /* TestHelper.swift in Sources */,
				CCA6D1A125F90D2E000690C4 /* ScopedStringTests.swift in Sources */,
				CCA6D1AD25F90D2E000690C4 /* SwiftBaselineHighlightingTests.swift in Sources */,
				CCA6D1B025F90D2E000690C4 /* PerformanceTests.swift in Sources */,
				CCA6D1B325F90D2E000690C4 /* ParserTests.swift in Sources */,
			);
			runOnlyForDeploymentPostprocessing = 0;
		};
		211989A21B2EC3B600F0D786 /* Sources */ = {
			isa = PBXSourcesBuildPhase;
			buildActionMask = 2147483647;
			files = (
				CCA6D15625F90D21000690C4 /* Result.swift in Sources */,
				CCA6D16A25F90D21000690C4 /* AttributedParser.swift in Sources */,
				CCA6D17225F90D21000690C4 /* Font.swift in Sources */,
				CCA6D15A25F90D21000690C4 /* ReferenceManager.swift in Sources */,
				CCA6D14E25F90D21000690C4 /* BundleManager.swift in Sources */,
				CCA6D17E25F90D21000690C4 /* ResultSet.swift in Sources */,
				CCA6D14A25F90D20000690C4 /* Capture.swift in Sources */,
				CCA6D17625F90D21000690C4 /* Pattern.swift in Sources */,
				CCA6D15225F90D21000690C4 /* Attributes.swift in Sources */,
				CCA6D16225F90D21000690C4 /* Repository.swift in Sources */,
				CCA6D13A25F90D20000690C4 /* ScopedString.swift in Sources */,
				CCA6D18225F90D21000690C4 /* Color.swift in Sources */,
				CCA6D14625F90D20000690C4 /* AttributedParsingOperation.swift in Sources */,
				CCA6D16625F90D21000690C4 /* Parser.swift in Sources */,
				CCA6D14225F90D20000690C4 /* Language.swift in Sources */,
				CCA6D17A25F90D21000690C4 /* RegularExpression.swift in Sources */,
				CCA6D13E25F90D20000690C4 /* CaptureCollection.swift in Sources */,
				CCA6D13625F90D20000690C4 /* SyntaxKit.swift in Sources */,
				CCA6D16E25F90D21000690C4 /* Theme.swift in Sources */,
			);
			runOnlyForDeploymentPostprocessing = 0;
		};
		211989AC1B2EC3B600F0D786 /* Sources */ = {
			isa = PBXSourcesBuildPhase;
			buildActionMask = 2147483647;
			files = (
				CCA6D1BB25F90D2E000690C4 /* BackReferenceTests.swift in Sources */,
				CCA6D19D25F90D2E000690C4 /* AttributedParserTests.swift in Sources */,
				CCA6D1B825F90D2E000690C4 /* IncrementalParsingTests.swift in Sources */,
				CCA6D1A625F90D2E000690C4 /* LanguageTests.swift in Sources */,
				CCA6D1A325F90D2E000690C4 /* XCTestManifests.swift in Sources */,
				CCA6D1BE25F90D2E000690C4 /* ThemeTests.swift in Sources */,
				CCA6D1A925F90D2E000690C4 /* TestHelper.swift in Sources */,
				CCA6D1A025F90D2E000690C4 /* ScopedStringTests.swift in Sources */,
				CCA6D1AC25F90D2E000690C4 /* SwiftBaselineHighlightingTests.swift in Sources */,
				CCA6D1AF25F90D2E000690C4 /* PerformanceTests.swift in Sources */,
				CCA6D1B225F90D2E000690C4 /* ParserTests.swift in Sources */,
			);
			runOnlyForDeploymentPostprocessing = 0;
		};
		2122A6D91B22B9320006409B /* Sources */ = {
			isa = PBXSourcesBuildPhase;
			buildActionMask = 2147483647;
			files = (
				CCA6D15525F90D21000690C4 /* Result.swift in Sources */,
				CCA6D16925F90D21000690C4 /* AttributedParser.swift in Sources */,
				CCA6D17125F90D21000690C4 /* Font.swift in Sources */,
				CCA6D15925F90D21000690C4 /* ReferenceManager.swift in Sources */,
				CCA6D14D25F90D21000690C4 /* BundleManager.swift in Sources */,
				CCA6D17D25F90D21000690C4 /* ResultSet.swift in Sources */,
				CCA6D14925F90D20000690C4 /* Capture.swift in Sources */,
				CCA6D17525F90D21000690C4 /* Pattern.swift in Sources */,
				CCA6D15125F90D21000690C4 /* Attributes.swift in Sources */,
				CCA6D16125F90D21000690C4 /* Repository.swift in Sources */,
				CCA6D13925F90D20000690C4 /* ScopedString.swift in Sources */,
				CCA6D18125F90D21000690C4 /* Color.swift in Sources */,
				CCA6D14525F90D20000690C4 /* AttributedParsingOperation.swift in Sources */,
				CCA6D16525F90D21000690C4 /* Parser.swift in Sources */,
				CCA6D14125F90D20000690C4 /* Language.swift in Sources */,
				CCA6D17925F90D21000690C4 /* RegularExpression.swift in Sources */,
				CCA6D13D25F90D20000690C4 /* CaptureCollection.swift in Sources */,
				CCA6D13525F90D20000690C4 /* SyntaxKit.swift in Sources */,
				CCA6D16D25F90D21000690C4 /* Theme.swift in Sources */,
			);
			runOnlyForDeploymentPostprocessing = 0;
		};
		2122A6E51B22B9320006409B /* Sources */ = {
			isa = PBXSourcesBuildPhase;
			buildActionMask = 2147483647;
			files = (
				CCA6D1BA25F90D2E000690C4 /* BackReferenceTests.swift in Sources */,
				CCA6D19C25F90D2E000690C4 /* AttributedParserTests.swift in Sources */,
				CCA6D1B725F90D2E000690C4 /* IncrementalParsingTests.swift in Sources */,
				CCA6D1A525F90D2E000690C4 /* LanguageTests.swift in Sources */,
				CCA6D1A225F90D2E000690C4 /* XCTestManifests.swift in Sources */,
				CCA6D1BD25F90D2E000690C4 /* ThemeTests.swift in Sources */,
				CCA6D1A825F90D2E000690C4 /* TestHelper.swift in Sources */,
				CCA6D19F25F90D2E000690C4 /* ScopedStringTests.swift in Sources */,
				CCA6D1AB25F90D2E000690C4 /* SwiftBaselineHighlightingTests.swift in Sources */,
				CCA6D1AE25F90D2E000690C4 /* PerformanceTests.swift in Sources */,
				CCA6D1B125F90D2E000690C4 /* ParserTests.swift in Sources */,
			);
			runOnlyForDeploymentPostprocessing = 0;
		};
		2198CEC51B36D5D700BD463F /* Sources */ = {
			isa = PBXSourcesBuildPhase;
			buildActionMask = 2147483647;
			files = (
				CCA6D15725F90D21000690C4 /* Result.swift in Sources */,
				CCA6D16B25F90D21000690C4 /* AttributedParser.swift in Sources */,
				CCA6D17325F90D21000690C4 /* Font.swift in Sources */,
				CCA6D15B25F90D21000690C4 /* ReferenceManager.swift in Sources */,
				CCA6D14F25F90D21000690C4 /* BundleManager.swift in Sources */,
				CCA6D17F25F90D21000690C4 /* ResultSet.swift in Sources */,
				CCA6D14B25F90D20000690C4 /* Capture.swift in Sources */,
				CCA6D17725F90D21000690C4 /* Pattern.swift in Sources */,
				CCA6D15325F90D21000690C4 /* Attributes.swift in Sources */,
				CCA6D16325F90D21000690C4 /* Repository.swift in Sources */,
				CCA6D13B25F90D20000690C4 /* ScopedString.swift in Sources */,
				CCA6D18325F90D21000690C4 /* Color.swift in Sources */,
				CCA6D14725F90D20000690C4 /* AttributedParsingOperation.swift in Sources */,
				CCA6D16725F90D21000690C4 /* Parser.swift in Sources */,
				CCA6D14325F90D20000690C4 /* Language.swift in Sources */,
				CCA6D17B25F90D21000690C4 /* RegularExpression.swift in Sources */,
				CCA6D13F25F90D20000690C4 /* CaptureCollection.swift in Sources */,
				CCA6D13725F90D20000690C4 /* SyntaxKit.swift in Sources */,
				CCA6D16F25F90D21000690C4 /* Theme.swift in Sources */,
			);
			runOnlyForDeploymentPostprocessing = 0;
		};
/* End PBXSourcesBuildPhase section */

/* Begin PBXTargetDependency section */
		211826E61D257A71003F2BF2 /* PBXTargetDependency */ = {
			isa = PBXTargetDependency;
			target = 211826D91D257A71003F2BF2 /* SyntaxKit-tvOS */;
			targetProxy = 211826E51D257A71003F2BF2 /* PBXContainerItemProxy */;
		};
		211989B31B2EC3B600F0D786 /* PBXTargetDependency */ = {
			isa = PBXTargetDependency;
			target = 211989A61B2EC3B600F0D786 /* SyntaxKit-iOS */;
			targetProxy = 211989B21B2EC3B600F0D786 /* PBXContainerItemProxy */;
		};
		2122A6EC1B22B9320006409B /* PBXTargetDependency */ = {
			isa = PBXTargetDependency;
			target = 2122A6DD1B22B9320006409B /* SyntaxKit-macOS */;
			targetProxy = 2122A6EB1B22B9320006409B /* PBXContainerItemProxy */;
		};
/* End PBXTargetDependency section */

/* Begin XCBuildConfiguration section */
		211826EC1D257A71003F2BF2 /* Debug */ = {
			isa = XCBuildConfiguration;
			buildSettings = {
				CLANG_ANALYZER_NONNULL = YES;
				DEFINES_MODULE = YES;
				DYLIB_COMPATIBILITY_VERSION = 1;
				DYLIB_CURRENT_VERSION = 1;
				DYLIB_INSTALL_NAME_BASE = "@rpath";
				FRAMEWORK_SEARCH_PATHS = "$(inherited)";
				INFOPLIST_FILE = "$(SRCROOT)/Resources/Info.plist";
				INSTALL_PATH = "$(LOCAL_LIBRARY_DIR)/Frameworks";
				LD_RUNPATH_SEARCH_PATHS = "$(inherited) @executable_path/Frameworks @loader_path/Frameworks";
				PRODUCT_BUNDLE_IDENTIFIER = com.samsoffes.syntaxkit.tvos;
				PRODUCT_NAME = SyntaxKit;
				SDKROOT = appletvos;
				SKIP_INSTALL = YES;
				TARGETED_DEVICE_FAMILY = 3;
			};
			name = Debug;
		};
		211826ED1D257A71003F2BF2 /* Release */ = {
			isa = XCBuildConfiguration;
			buildSettings = {
				CLANG_ANALYZER_NONNULL = YES;
				DEFINES_MODULE = YES;
				DYLIB_COMPATIBILITY_VERSION = 1;
				DYLIB_CURRENT_VERSION = 1;
				DYLIB_INSTALL_NAME_BASE = "@rpath";
				FRAMEWORK_SEARCH_PATHS = "$(inherited)";
				INFOPLIST_FILE = "$(SRCROOT)/Resources/Info.plist";
				INSTALL_PATH = "$(LOCAL_LIBRARY_DIR)/Frameworks";
				LD_RUNPATH_SEARCH_PATHS = "$(inherited) @executable_path/Frameworks @loader_path/Frameworks";
				PRODUCT_BUNDLE_IDENTIFIER = com.samsoffes.syntaxkit.tvos;
				PRODUCT_NAME = SyntaxKit;
				SDKROOT = appletvos;
				SKIP_INSTALL = YES;
				TARGETED_DEVICE_FAMILY = 3;
				VALIDATE_PRODUCT = YES;
			};
			name = Release;
		};
		211826EF1D257A71003F2BF2 /* Debug */ = {
			isa = XCBuildConfiguration;
			buildSettings = {
				ALWAYS_EMBED_SWIFT_STANDARD_LIBRARIES = YES;
				APPLICATION_EXTENSION_API_ONLY = NO;
				CLANG_ANALYZER_NONNULL = YES;
				FRAMEWORK_SEARCH_PATHS = "$(inherited)";
				LD_RUNPATH_SEARCH_PATHS = "$(inherited) @executable_path/Frameworks @loader_path/Frameworks";
				PRODUCT_BUNDLE_IDENTIFIER = com.samsoffes.syntaxkit.tvos.tests;
				PRODUCT_NAME = SyntaxKitTests;
				SDKROOT = appletvos;
			};
			name = Debug;
		};
		211826F01D257A71003F2BF2 /* Release */ = {
			isa = XCBuildConfiguration;
			buildSettings = {
				ALWAYS_EMBED_SWIFT_STANDARD_LIBRARIES = YES;
				APPLICATION_EXTENSION_API_ONLY = NO;
				CLANG_ANALYZER_NONNULL = YES;
				FRAMEWORK_SEARCH_PATHS = "$(inherited)";
				LD_RUNPATH_SEARCH_PATHS = "$(inherited) @executable_path/Frameworks @loader_path/Frameworks";
				PRODUCT_BUNDLE_IDENTIFIER = com.samsoffes.syntaxkit.tvos.tests;
				PRODUCT_NAME = SyntaxKitTests;
				SDKROOT = appletvos;
				VALIDATE_PRODUCT = YES;
			};
			name = Release;
		};
		211989B91B2EC3B600F0D786 /* Debug */ = {
			isa = XCBuildConfiguration;
			buildSettings = {
				DEFINES_MODULE = YES;
				DYLIB_COMPATIBILITY_VERSION = 1;
				DYLIB_CURRENT_VERSION = 1;
				DYLIB_INSTALL_NAME_BASE = "@rpath";
				FRAMEWORK_SEARCH_PATHS = "$(inherited)";
				INFOPLIST_FILE = "$(SRCROOT)/Resources/Info.plist";
				INSTALL_PATH = "$(LOCAL_LIBRARY_DIR)/Frameworks";
				LD_RUNPATH_SEARCH_PATHS = "$(inherited) @executable_path/Frameworks @loader_path/Frameworks";
				PRODUCT_BUNDLE_IDENTIFIER = com.samsoffes.syntaxkit;
				PRODUCT_NAME = SyntaxKit;
				SDKROOT = iphoneos;
				SKIP_INSTALL = YES;
				TARGETED_DEVICE_FAMILY = "1,2";
			};
			name = Debug;
		};
		211989BA1B2EC3B600F0D786 /* Release */ = {
			isa = XCBuildConfiguration;
			buildSettings = {
				DEFINES_MODULE = YES;
				DYLIB_COMPATIBILITY_VERSION = 1;
				DYLIB_CURRENT_VERSION = 1;
				DYLIB_INSTALL_NAME_BASE = "@rpath";
				FRAMEWORK_SEARCH_PATHS = "$(inherited)";
				INFOPLIST_FILE = "$(SRCROOT)/Resources/Info.plist";
				INSTALL_PATH = "$(LOCAL_LIBRARY_DIR)/Frameworks";
				LD_RUNPATH_SEARCH_PATHS = "$(inherited) @executable_path/Frameworks @loader_path/Frameworks";
				PRODUCT_BUNDLE_IDENTIFIER = com.samsoffes.syntaxkit;
				PRODUCT_NAME = SyntaxKit;
				SDKROOT = iphoneos;
				SKIP_INSTALL = YES;
				TARGETED_DEVICE_FAMILY = "1,2";
				VALIDATE_PRODUCT = YES;
			};
			name = Release;
		};
		211989BC1B2EC3B600F0D786 /* Debug */ = {
			isa = XCBuildConfiguration;
			buildSettings = {
				ALWAYS_EMBED_SWIFT_STANDARD_LIBRARIES = YES;
				APPLICATION_EXTENSION_API_ONLY = NO;
				"CODE_SIGN_IDENTITY[sdk=iphoneos*]" = "iPhone Developer";
				FRAMEWORK_SEARCH_PATHS = "$(inherited)";
				LD_RUNPATH_SEARCH_PATHS = "$(inherited) @executable_path/Frameworks @loader_path/Frameworks";
				PRODUCT_BUNDLE_IDENTIFIER = "com.samsoffes.syntaxkit-ios.tests";
				PRODUCT_NAME = "$(TARGET_NAME)";
				SDKROOT = iphoneos;
			};
			name = Debug;
		};
		211989BD1B2EC3B600F0D786 /* Release */ = {
			isa = XCBuildConfiguration;
			buildSettings = {
				ALWAYS_EMBED_SWIFT_STANDARD_LIBRARIES = YES;
				APPLICATION_EXTENSION_API_ONLY = NO;
				"CODE_SIGN_IDENTITY[sdk=iphoneos*]" = "iPhone Developer";
				FRAMEWORK_SEARCH_PATHS = "$(inherited)";
				LD_RUNPATH_SEARCH_PATHS = "$(inherited) @executable_path/Frameworks @loader_path/Frameworks";
				PRODUCT_BUNDLE_IDENTIFIER = "com.samsoffes.syntaxkit-ios.tests";
				PRODUCT_NAME = "$(TARGET_NAME)";
				SDKROOT = iphoneos;
				VALIDATE_PRODUCT = YES;
			};
			name = Release;
		};
		2122A6F21B22B9320006409B /* Debug */ = {
			isa = XCBuildConfiguration;
			buildSettings = {
				ALWAYS_SEARCH_USER_PATHS = NO;
				APPLICATION_EXTENSION_API_ONLY = YES;
				CLANG_ANALYZER_LOCALIZABILITY_NONLOCALIZED = YES;
				CLANG_CXX_LANGUAGE_STANDARD = "gnu++0x";
				CLANG_CXX_LIBRARY = "libc++";
				CLANG_ENABLE_MODULES = YES;
				CLANG_ENABLE_OBJC_ARC = YES;
				CLANG_WARN_BLOCK_CAPTURE_AUTORELEASING = YES;
				CLANG_WARN_BOOL_CONVERSION = YES;
				CLANG_WARN_COMMA = YES;
				CLANG_WARN_CONSTANT_CONVERSION = YES;
				CLANG_WARN_DEPRECATED_OBJC_IMPLEMENTATIONS = YES;
				CLANG_WARN_DIRECT_OBJC_ISA_USAGE = YES_ERROR;
				CLANG_WARN_EMPTY_BODY = YES;
				CLANG_WARN_ENUM_CONVERSION = YES;
				CLANG_WARN_INFINITE_RECURSION = YES;
				CLANG_WARN_INT_CONVERSION = YES;
				CLANG_WARN_NON_LITERAL_NULL_CONVERSION = YES;
				CLANG_WARN_OBJC_IMPLICIT_RETAIN_SELF = YES;
				CLANG_WARN_OBJC_LITERAL_CONVERSION = YES;
				CLANG_WARN_OBJC_ROOT_CLASS = YES_ERROR;
				CLANG_WARN_QUOTED_INCLUDE_IN_FRAMEWORK_HEADER = YES;
				CLANG_WARN_RANGE_LOOP_ANALYSIS = YES;
				CLANG_WARN_STRICT_PROTOTYPES = YES;
				CLANG_WARN_SUSPICIOUS_MOVE = YES;
				CLANG_WARN_UNREACHABLE_CODE = YES;
				CLANG_WARN__DUPLICATE_METHOD_MATCH = YES;
				COPY_PHASE_STRIP = NO;
				CURRENT_PROJECT_VERSION = 1;
				DEBUG_INFORMATION_FORMAT = dwarf;
				ENABLE_BITCODE = YES;
				ENABLE_STRICT_OBJC_MSGSEND = YES;
				ENABLE_TESTABILITY = YES;
				GCC_C_LANGUAGE_STANDARD = gnu99;
				GCC_DYNAMIC_NO_PIC = NO;
				GCC_NO_COMMON_BLOCKS = YES;
				GCC_OPTIMIZATION_LEVEL = 0;
				GCC_PREPROCESSOR_DEFINITIONS = (
					"DEBUG=1",
					"$(inherited)",
				);
				GCC_SYMBOLS_PRIVATE_EXTERN = NO;
				GCC_WARN_64_TO_32_BIT_CONVERSION = YES;
				GCC_WARN_ABOUT_RETURN_TYPE = YES_ERROR;
				GCC_WARN_UNDECLARED_SELECTOR = YES;
				GCC_WARN_UNINITIALIZED_AUTOS = YES_AGGRESSIVE;
				GCC_WARN_UNUSED_FUNCTION = YES;
				GCC_WARN_UNUSED_VARIABLE = YES;
				IPHONEOS_DEPLOYMENT_TARGET = 13.0;
				MACOSX_DEPLOYMENT_TARGET = 10.15;
				MTL_ENABLE_DEBUG_INFO = YES;
				ONLY_ACTIVE_ARCH = YES;
				SDKROOT = macosx;
				SWIFT_OPTIMIZATION_LEVEL = "-Onone";
				SWIFT_VERSION = 5.0;
				TVOS_DEPLOYMENT_TARGET = 13.0;
				VERSIONING_SYSTEM = "apple-generic";
				VERSION_INFO_PREFIX = "";
				WATCHOS_DEPLOYMENT_TARGET = 6.0;
			};
			name = Debug;
		};
		2122A6F31B22B9320006409B /* Release */ = {
			isa = XCBuildConfiguration;
			buildSettings = {
				ALWAYS_SEARCH_USER_PATHS = NO;
				APPLICATION_EXTENSION_API_ONLY = YES;
				CLANG_ANALYZER_LOCALIZABILITY_NONLOCALIZED = YES;
				CLANG_CXX_LANGUAGE_STANDARD = "gnu++0x";
				CLANG_CXX_LIBRARY = "libc++";
				CLANG_ENABLE_MODULES = YES;
				CLANG_ENABLE_OBJC_ARC = YES;
				CLANG_WARN_BLOCK_CAPTURE_AUTORELEASING = YES;
				CLANG_WARN_BOOL_CONVERSION = YES;
				CLANG_WARN_COMMA = YES;
				CLANG_WARN_CONSTANT_CONVERSION = YES;
				CLANG_WARN_DEPRECATED_OBJC_IMPLEMENTATIONS = YES;
				CLANG_WARN_DIRECT_OBJC_ISA_USAGE = YES_ERROR;
				CLANG_WARN_EMPTY_BODY = YES;
				CLANG_WARN_ENUM_CONVERSION = YES;
				CLANG_WARN_INFINITE_RECURSION = YES;
				CLANG_WARN_INT_CONVERSION = YES;
				CLANG_WARN_NON_LITERAL_NULL_CONVERSION = YES;
				CLANG_WARN_OBJC_IMPLICIT_RETAIN_SELF = YES;
				CLANG_WARN_OBJC_LITERAL_CONVERSION = YES;
				CLANG_WARN_OBJC_ROOT_CLASS = YES_ERROR;
				CLANG_WARN_QUOTED_INCLUDE_IN_FRAMEWORK_HEADER = YES;
				CLANG_WARN_RANGE_LOOP_ANALYSIS = YES;
				CLANG_WARN_STRICT_PROTOTYPES = YES;
				CLANG_WARN_SUSPICIOUS_MOVE = YES;
				CLANG_WARN_UNREACHABLE_CODE = YES;
				CLANG_WARN__DUPLICATE_METHOD_MATCH = YES;
				COPY_PHASE_STRIP = NO;
				CURRENT_PROJECT_VERSION = 1;
				DEBUG_INFORMATION_FORMAT = "dwarf-with-dsym";
				ENABLE_BITCODE = YES;
				ENABLE_NS_ASSERTIONS = NO;
				ENABLE_STRICT_OBJC_MSGSEND = YES;
				GCC_C_LANGUAGE_STANDARD = gnu99;
				GCC_NO_COMMON_BLOCKS = YES;
				GCC_OPTIMIZATION_LEVEL = s;
				GCC_WARN_64_TO_32_BIT_CONVERSION = YES;
				GCC_WARN_ABOUT_RETURN_TYPE = YES_ERROR;
				GCC_WARN_UNDECLARED_SELECTOR = YES;
				GCC_WARN_UNINITIALIZED_AUTOS = YES_AGGRESSIVE;
				GCC_WARN_UNUSED_FUNCTION = YES;
				GCC_WARN_UNUSED_VARIABLE = YES;
				IPHONEOS_DEPLOYMENT_TARGET = 13.0;
				MACOSX_DEPLOYMENT_TARGET = 10.15;
				MTL_ENABLE_DEBUG_INFO = NO;
				SDKROOT = macosx;
				SWIFT_OPTIMIZATION_LEVEL = "-Owholemodule";
				SWIFT_VERSION = 5.0;
				TVOS_DEPLOYMENT_TARGET = 13.0;
				VERSIONING_SYSTEM = "apple-generic";
				VERSION_INFO_PREFIX = "";
				WATCHOS_DEPLOYMENT_TARGET = 6.0;
			};
			name = Release;
		};
		2122A6F51B22B9320006409B /* Debug */ = {
			isa = XCBuildConfiguration;
			buildSettings = {
				ALWAYS_EMBED_SWIFT_STANDARD_LIBRARIES = YES;
				COMBINE_HIDPI_IMAGES = YES;
				DEFINES_MODULE = YES;
				DYLIB_COMPATIBILITY_VERSION = 1;
				DYLIB_CURRENT_VERSION = 1;
				DYLIB_INSTALL_NAME_BASE = "@rpath";
				FRAMEWORK_SEARCH_PATHS = "$(inherited)";
				FRAMEWORK_VERSION = A;
				INFOPLIST_FILE = "$(SRCROOT)/Resources/Info.plist";
				INSTALL_PATH = "$(LOCAL_LIBRARY_DIR)/Frameworks";
				LD_RUNPATH_SEARCH_PATHS = "$(inherited) @executable_path/../Frameworks @loader_path/Frameworks";
				PRODUCT_BUNDLE_IDENTIFIER = com.samsoffes.syntaxkit;
				PRODUCT_NAME = SyntaxKit;
				SKIP_INSTALL = YES;
			};
			name = Debug;
		};
		2122A6F61B22B9320006409B /* Release */ = {
			isa = XCBuildConfiguration;
			buildSettings = {
				ALWAYS_EMBED_SWIFT_STANDARD_LIBRARIES = YES;
				COMBINE_HIDPI_IMAGES = YES;
				DEFINES_MODULE = YES;
				DYLIB_COMPATIBILITY_VERSION = 1;
				DYLIB_CURRENT_VERSION = 1;
				DYLIB_INSTALL_NAME_BASE = "@rpath";
				FRAMEWORK_SEARCH_PATHS = "$(inherited)";
				FRAMEWORK_VERSION = A;
				INFOPLIST_FILE = "$(SRCROOT)/Resources/Info.plist";
				INSTALL_PATH = "$(LOCAL_LIBRARY_DIR)/Frameworks";
				LD_RUNPATH_SEARCH_PATHS = "$(inherited) @executable_path/../Frameworks @loader_path/Frameworks";
				PRODUCT_BUNDLE_IDENTIFIER = com.samsoffes.syntaxkit;
				PRODUCT_NAME = SyntaxKit;
				SKIP_INSTALL = YES;
			};
			name = Release;
		};
		2122A6F81B22B9320006409B /* Debug */ = {
			isa = XCBuildConfiguration;
			buildSettings = {
				ALWAYS_EMBED_SWIFT_STANDARD_LIBRARIES = YES;
				APPLICATION_EXTENSION_API_ONLY = NO;
				COMBINE_HIDPI_IMAGES = YES;
				ENABLE_BITCODE = NO;
				FRAMEWORK_SEARCH_PATHS = (
					"$(DEVELOPER_FRAMEWORKS_DIR)",
					"$(inherited)",
				);
				GCC_PREPROCESSOR_DEFINITIONS = (
					"DEBUG=1",
					"$(inherited)",
				);
				LD_RUNPATH_SEARCH_PATHS = "$(inherited) @executable_path/../Frameworks @loader_path/../Frameworks";
				PRODUCT_BUNDLE_IDENTIFIER = "com.samsoffes.syntaxkit-macos.tests";
				PRODUCT_NAME = "$(TARGET_NAME)";
			};
			name = Debug;
		};
		2122A6F91B22B9320006409B /* Release */ = {
			isa = XCBuildConfiguration;
			buildSettings = {
				ALWAYS_EMBED_SWIFT_STANDARD_LIBRARIES = YES;
				APPLICATION_EXTENSION_API_ONLY = NO;
				COMBINE_HIDPI_IMAGES = YES;
				ENABLE_BITCODE = NO;
				FRAMEWORK_SEARCH_PATHS = (
					"$(DEVELOPER_FRAMEWORKS_DIR)",
					"$(inherited)",
				);
				LD_RUNPATH_SEARCH_PATHS = "$(inherited) @executable_path/../Frameworks @loader_path/../Frameworks";
				PRODUCT_BUNDLE_IDENTIFIER = "com.samsoffes.syntaxkit-macos.tests";
				PRODUCT_NAME = "$(TARGET_NAME)";
			};
			name = Release;
		};
		2198CECF1B36D5D700BD463F /* Debug */ = {
			isa = XCBuildConfiguration;
			buildSettings = {
				DEFINES_MODULE = YES;
				DYLIB_COMPATIBILITY_VERSION = 1;
				DYLIB_CURRENT_VERSION = 1;
				DYLIB_INSTALL_NAME_BASE = "@rpath";
				FRAMEWORK_SEARCH_PATHS = "$(inherited)";
				INFOPLIST_FILE = "$(SRCROOT)/Resources/Info.plist";
				INSTALL_PATH = "$(LOCAL_LIBRARY_DIR)/Frameworks";
				LD_RUNPATH_SEARCH_PATHS = "$(inherited) @executable_path/Frameworks @loader_path/Frameworks";
				PRODUCT_BUNDLE_IDENTIFIER = com.samsoffes.syntaxkit.watchos;
				PRODUCT_NAME = SyntaxKit;
				SDKROOT = watchos;
				SKIP_INSTALL = YES;
				TARGETED_DEVICE_FAMILY = 4;
			};
			name = Debug;
		};
		2198CED01B36D5D700BD463F /* Release */ = {
			isa = XCBuildConfiguration;
			buildSettings = {
				DEFINES_MODULE = YES;
				DYLIB_COMPATIBILITY_VERSION = 1;
				DYLIB_CURRENT_VERSION = 1;
				DYLIB_INSTALL_NAME_BASE = "@rpath";
				FRAMEWORK_SEARCH_PATHS = "$(inherited)";
				INFOPLIST_FILE = "$(SRCROOT)/Resources/Info.plist";
				INSTALL_PATH = "$(LOCAL_LIBRARY_DIR)/Frameworks";
				LD_RUNPATH_SEARCH_PATHS = "$(inherited) @executable_path/Frameworks @loader_path/Frameworks";
				PRODUCT_BUNDLE_IDENTIFIER = com.samsoffes.syntaxkit.watchos;
				PRODUCT_NAME = SyntaxKit;
				SDKROOT = watchos;
				SKIP_INSTALL = YES;
				TARGETED_DEVICE_FAMILY = 4;
				VALIDATE_PRODUCT = YES;
			};
			name = Release;
		};
/* End XCBuildConfiguration section */

/* Begin XCConfigurationList section */
		211826EB1D257A71003F2BF2 /* Build configuration list for PBXNativeTarget "SyntaxKit-tvOS" */ = {
			isa = XCConfigurationList;
			buildConfigurations = (
				211826EC1D257A71003F2BF2 /* Debug */,
				211826ED1D257A71003F2BF2 /* Release */,
			);
			defaultConfigurationIsVisible = 0;
			defaultConfigurationName = Release;
		};
		211826EE1D257A71003F2BF2 /* Build configuration list for PBXNativeTarget "SyntaxKitTests-tvOS" */ = {
			isa = XCConfigurationList;
			buildConfigurations = (
				211826EF1D257A71003F2BF2 /* Debug */,
				211826F01D257A71003F2BF2 /* Release */,
			);
			defaultConfigurationIsVisible = 0;
			defaultConfigurationName = Release;
		};
		211989B81B2EC3B600F0D786 /* Build configuration list for PBXNativeTarget "SyntaxKit-iOS" */ = {
			isa = XCConfigurationList;
			buildConfigurations = (
				211989B91B2EC3B600F0D786 /* Debug */,
				211989BA1B2EC3B600F0D786 /* Release */,
			);
			defaultConfigurationIsVisible = 0;
			defaultConfigurationName = Release;
		};
		211989BB1B2EC3B600F0D786 /* Build configuration list for PBXNativeTarget "SyntaxKitTests-iOS" */ = {
			isa = XCConfigurationList;
			buildConfigurations = (
				211989BC1B2EC3B600F0D786 /* Debug */,
				211989BD1B2EC3B600F0D786 /* Release */,
			);
			defaultConfigurationIsVisible = 0;
			defaultConfigurationName = Release;
		};
		2122A6D81B22B9320006409B /* Build configuration list for PBXProject "SyntaxKit" */ = {
			isa = XCConfigurationList;
			buildConfigurations = (
				2122A6F21B22B9320006409B /* Debug */,
				2122A6F31B22B9320006409B /* Release */,
			);
			defaultConfigurationIsVisible = 0;
			defaultConfigurationName = Release;
		};
		2122A6F41B22B9320006409B /* Build configuration list for PBXNativeTarget "SyntaxKit-macOS" */ = {
			isa = XCConfigurationList;
			buildConfigurations = (
				2122A6F51B22B9320006409B /* Debug */,
				2122A6F61B22B9320006409B /* Release */,
			);
			defaultConfigurationIsVisible = 0;
			defaultConfigurationName = Release;
		};
		2122A6F71B22B9320006409B /* Build configuration list for PBXNativeTarget "SyntaxKitTests-macOS" */ = {
			isa = XCConfigurationList;
			buildConfigurations = (
				2122A6F81B22B9320006409B /* Debug */,
				2122A6F91B22B9320006409B /* Release */,
			);
			defaultConfigurationIsVisible = 0;
			defaultConfigurationName = Release;
		};
		2198CED11B36D5D700BD463F /* Build configuration list for PBXNativeTarget "SyntaxKit-watchOS" */ = {
			isa = XCConfigurationList;
			buildConfigurations = (
				2198CECF1B36D5D700BD463F /* Debug */,
				2198CED01B36D5D700BD463F /* Release */,
			);
			defaultConfigurationIsVisible = 0;
			defaultConfigurationName = Release;
		};
/* End XCConfigurationList section */
	};
	rootObject = 2122A6D51B22B9320006409B /* Project object */;
}
